// !$*UTF8*$!
{
	archiveVersion = 1;
	classes = {
	};
	objectVersion = 46;
	objects = {

/* Begin PBXBuildFile section */
		7E6291026AB4D4AA274C2E54 /* InfoPlist.strings in Resources */ = {isa = PBXBuildFile; fileRef = 7E629A312BF10619BAEC26F8 /* InfoPlist.strings */; };
		7E6292CB439486334CA6E4C2 /* InfoPlist.strings in Resources */ = {isa = PBXBuildFile; fileRef = 7E629350B3969D6FB3AAD599 /* InfoPlist.strings */; };
		7E6293B261CF4C01358C0B7F /* ViewController.mm in Sources */ = {isa = PBXBuildFile; fileRef = 7E6290177A31841CD0CCDF3A /* ViewController.mm */; };
		7E6293F0DF20EE4439E63DFE /* UIKit.framework in Frameworks */ = {isa = PBXBuildFile; fileRef = 7E6292E1D6156435B63708FA /* UIKit.framework */; };
		7E629432C9A0D95A755D9BA1 /* UIKit.framework in Frameworks */ = {isa = PBXBuildFile; fileRef = 7E6292E1D6156435B63708FA /* UIKit.framework */; };
		7E629477D701BF348956631D /* CoreGraphics.framework in Frameworks */ = {isa = PBXBuildFile; fileRef = 7E629F8FBDF53DE038F63FE2 /* CoreGraphics.framework */; };
		7E629517FBD1580D079A9F63 /* opencv2.framework in Frameworks */ = {isa = PBXBuildFile; fileRef = 7E629B5271A4E4E0002326F6 /* opencv2.framework */; };
		7E62958FF1779148E63FE5C3 /* PyramidSegmentationTests.m in Sources */ = {isa = PBXBuildFile; fileRef = 7E629FE59EEF6E55D438915E /* PyramidSegmentationTests.m */; };
		7E6296D07801DA881482298F /* AppDelegate.m in Sources */ = {isa = PBXBuildFile; fileRef = 7E629FEC4CE31852CA3F2609 /* AppDelegate.m */; };
		7E6297CB09B976C2667B9C95 /* Foundation.framework in Frameworks */ = {isa = PBXBuildFile; fileRef = 7E62906DBE01132551D2721D /* Foundation.framework */; };
		7E629815199F62B16578B9BC /* Default@2x.png in Resources */ = {isa = PBXBuildFile; fileRef = 7E62902A5513812A2A89D994 /* Default@2x.png */; };
		7E62982BFF718CF014A0B6E8 /* main.m in Sources */ = {isa = PBXBuildFile; fileRef = 7E6296D9CDEC82747B19ECED /* main.m */; };
		7E62985034D01C74E07E597E /* Default.png in Resources */ = {isa = PBXBuildFile; fileRef = 7E62948471A532EDAB015323 /* Default.png */; };
		7E629A15EA736AF54D24FB3C /* Default-568h@2x.png in Resources */ = {isa = PBXBuildFile; fileRef = 7E6296A8C14D5653ECB566A1 /* Default-568h@2x.png */; };
		7E629A8D06662648EEE37250 /* SenTestingKit.framework in Frameworks */ = {isa = PBXBuildFile; fileRef = 7E629AB0745481F56B5C7713 /* SenTestingKit.framework */; };
		7E629C6CD6FAA8000CE5CEFC /* mona.png in Resources */ = {isa = PBXBuildFile; fileRef = 7E62916315663362534A5731 /* mona.png */; };
		7E629E2B2E41973B0873D8BF /* Foundation.framework in Frameworks */ = {isa = PBXBuildFile; fileRef = 7E62906DBE01132551D2721D /* Foundation.framework */; };
		7E629EE69FC0BE60382B9448 /* MainStoryboard.storyboard in Resources */ = {isa = PBXBuildFile; fileRef = 7E6297FD41C7C9E261437A15 /* MainStoryboard.storyboard */; };
/* End PBXBuildFile section */

/* Begin PBXContainerItemProxy section */
		7E62948E505B003AC5B410AE /* PBXContainerItemProxy */ = {
			isa = PBXContainerItemProxy;
			containerPortal = 7E629818B4DF5E4436DB8FF2 /* Project object */;
			proxyType = 1;
			remoteGlobalIDString = 7E629C8F47E170909A59D250;
			remoteInfo = PyramidSegmentation;
		};
/* End PBXContainerItemProxy section */

/* Begin PBXFileReference section */
		7E6290177A31841CD0CCDF3A /* ViewController.mm */ = {isa = PBXFileReference; lastKnownFileType = sourcecode.cpp.objcpp; path = ViewController.mm; sourceTree = "<group>"; };
		7E62902A5513812A2A89D994 /* Default@2x.png */ = {isa = PBXFileReference; lastKnownFileType = image.png; path = "Default@2x.png"; sourceTree = "<group>"; };
		7E62906DBE01132551D2721D /* Foundation.framework */ = {isa = PBXFileReference; lastKnownFileType = wrapper.framework; name = Foundation.framework; path = System/Library/Frameworks/Foundation.framework; sourceTree = SDKROOT; };
		7E62916315663362534A5731 /* mona.png */ = {isa = PBXFileReference; lastKnownFileType = image.png; path = mona.png; sourceTree = "<group>"; };
		7E62917261574E21BDC7C58B /* PyramidSegmentation.app */ = {isa = PBXFileReference; explicitFileType = wrapper.application; includeInIndex = 0; path = PyramidSegmentation.app; sourceTree = BUILT_PRODUCTS_DIR; };
		7E62917F9089F74508E2A9FE /* PyramidSegmentation-Prefix.pch */ = {isa = PBXFileReference; lastKnownFileType = sourcecode.c.h; path = "PyramidSegmentation-Prefix.pch"; sourceTree = "<group>"; };
		7E6292E1D6156435B63708FA /* UIKit.framework */ = {isa = PBXFileReference; lastKnownFileType = wrapper.framework; name = UIKit.framework; path = System/Library/Frameworks/UIKit.framework; sourceTree = SDKROOT; };
		7E62948471A532EDAB015323 /* Default.png */ = {isa = PBXFileReference; lastKnownFileType = image.png; path = Default.png; sourceTree = "<group>"; };
		7E629546CED7554481014CCE /* en */ = {isa = PBXFileReference; lastKnownFileType = text.plist.strings; name = en; path = en.lproj/InfoPlist.strings; sourceTree = "<group>"; };
		7E6295D24A1F9B7E868FE980 /* en */ = {isa = PBXFileReference; lastKnownFileType = text.plist.strings; name = en; path = en.lproj/InfoPlist.strings; sourceTree = "<group>"; };
		7E6296A8C14D5653ECB566A1 /* Default-568h@2x.png */ = {isa = PBXFileReference; lastKnownFileType = image.png; path = "Default-568h@2x.png"; sourceTree = "<group>"; };
		7E6296D9CDEC82747B19ECED /* main.m */ = {isa = PBXFileReference; lastKnownFileType = sourcecode.c.objc; path = main.m; sourceTree = "<group>"; };
		7E62986102F0D806175AF10E /* AppDelegate.h */ = {isa = PBXFileReference; lastKnownFileType = sourcecode.c.h; path = AppDelegate.h; sourceTree = "<group>"; };
		7E6298A9D07BCC3DF0012B35 /* PyramidSegmentationTests.h */ = {isa = PBXFileReference; lastKnownFileType = sourcecode.c.h; path = PyramidSegmentationTests.h; sourceTree = "<group>"; };
		7E6298E3903DB9C674C081B8 /* ViewController.h */ = {isa = PBXFileReference; lastKnownFileType = sourcecode.c.h; path = ViewController.h; sourceTree = "<group>"; };
		7E62999B8BCBE8479E738699 /* PyramidSegmentation-Info.plist */ = {isa = PBXFileReference; lastKnownFileType = text.plist.info; path = "PyramidSegmentation-Info.plist"; sourceTree = "<group>"; };
		7E629A471A316ED2C5030D9D /* PyramidSegmentationTests-Info.plist */ = {isa = PBXFileReference; lastKnownFileType = text.plist.info; path = "PyramidSegmentationTests-Info.plist"; sourceTree = "<group>"; };
		7E629AB0745481F56B5C7713 /* SenTestingKit.framework */ = {isa = PBXFileReference; lastKnownFileType = wrapper.framework; name = SenTestingKit.framework; path = Library/Frameworks/SenTestingKit.framework; sourceTree = DEVELOPER_DIR; };
		7E629B5271A4E4E0002326F6 /* opencv2.framework */ = {isa = PBXFileReference; lastKnownFileType = wrapper.framework; name = opencv2.framework; path = /Users/ozawaseijirou/Documents/Develop/04_Lib/iOS/opencv/platforms/ios/ios/opencv2.framework; sourceTree = "<absolute>"; };
		7E629BED59C434938ABBD7EE /* PyramidSegmentationTests.octest */ = {isa = PBXFileReference; explicitFileType = wrapper.cfbundle; includeInIndex = 0; path = PyramidSegmentationTests.octest; sourceTree = BUILT_PRODUCTS_DIR; };
		7E629EE9A862B378BF3E4D37 /* en */ = {isa = PBXFileReference; lastKnownFileType = file.storyboard; name = en; path = en.lproj/MainStoryboard.storyboard; sourceTree = "<group>"; };
		7E629F8FBDF53DE038F63FE2 /* CoreGraphics.framework */ = {isa = PBXFileReference; lastKnownFileType = wrapper.framework; name = CoreGraphics.framework; path = System/Library/Frameworks/CoreGraphics.framework; sourceTree = SDKROOT; };
		7E629FE59EEF6E55D438915E /* PyramidSegmentationTests.m */ = {isa = PBXFileReference; lastKnownFileType = sourcecode.c.objc; path = PyramidSegmentationTests.m; sourceTree = "<group>"; };
		7E629FEC4CE31852CA3F2609 /* AppDelegate.m */ = {isa = PBXFileReference; lastKnownFileType = sourcecode.c.objc; path = AppDelegate.m; sourceTree = "<group>"; };
/* End PBXFileReference section */

/* Begin PBXFrameworksBuildPhase section */
		7E629C35CF3163F2D6655DB6 /* Frameworks */ = {
			isa = PBXFrameworksBuildPhase;
			buildActionMask = 2147483647;
			files = (
				7E6293F0DF20EE4439E63DFE /* UIKit.framework in Frameworks */,
				7E6297CB09B976C2667B9C95 /* Foundation.framework in Frameworks */,
				7E629477D701BF348956631D /* CoreGraphics.framework in Frameworks */,
				7E629517FBD1580D079A9F63 /* opencv2.framework in Frameworks */,
			);
			runOnlyForDeploymentPostprocessing = 0;
		};
		7E629F291E14F0E6417DF0B1 /* Frameworks */ = {
			isa = PBXFrameworksBuildPhase;
			buildActionMask = 2147483647;
			files = (
				7E629A8D06662648EEE37250 /* SenTestingKit.framework in Frameworks */,
				7E629432C9A0D95A755D9BA1 /* UIKit.framework in Frameworks */,
				7E629E2B2E41973B0873D8BF /* Foundation.framework in Frameworks */,
			);
			runOnlyForDeploymentPostprocessing = 0;
		};
/* End PBXFrameworksBuildPhase section */

/* Begin PBXGroup section */
		7E629237F2C386B2379DC7D5 /* Supporting Files */ = {
			isa = PBXGroup;
			children = (
				7E62999B8BCBE8479E738699 /* PyramidSegmentation-Info.plist */,
				7E629A312BF10619BAEC26F8 /* InfoPlist.strings */,
				7E6296D9CDEC82747B19ECED /* main.m */,
				7E62917F9089F74508E2A9FE /* PyramidSegmentation-Prefix.pch */,
				7E62948471A532EDAB015323 /* Default.png */,
				7E62902A5513812A2A89D994 /* Default@2x.png */,
				7E6296A8C14D5653ECB566A1 /* Default-568h@2x.png */,
			);
			name = "Supporting Files";
			sourceTree = "<group>";
		};
		7E6292494D12143C7BDD6CB4 /* Frameworks */ = {
			isa = PBXGroup;
			children = (
				7E6292E1D6156435B63708FA /* UIKit.framework */,
				7E62906DBE01132551D2721D /* Foundation.framework */,
				7E629F8FBDF53DE038F63FE2 /* CoreGraphics.framework */,
				7E629AB0745481F56B5C7713 /* SenTestingKit.framework */,
				7E629B5271A4E4E0002326F6 /* opencv2.framework */,
			);
			name = Frameworks;
			sourceTree = "<group>";
		};
		7E6293A0B4FE270B569A86E7 /* PyramidSegmentationTests */ = {
			isa = PBXGroup;
			children = (
				7E6294714567727AF7BEF3D9 /* Supporting Files */,
				7E6298A9D07BCC3DF0012B35 /* PyramidSegmentationTests.h */,
				7E629FE59EEF6E55D438915E /* PyramidSegmentationTests.m */,
			);
			path = PyramidSegmentationTests;
			sourceTree = "<group>";
		};
		7E6293C2DA0EB2E79BA11B5E /* PyramidSegmentation */ = {
			isa = PBXGroup;
			children = (
				7E629237F2C386B2379DC7D5 /* Supporting Files */,
				7E62986102F0D806175AF10E /* AppDelegate.h */,
				7E629FEC4CE31852CA3F2609 /* AppDelegate.m */,
				7E6297FD41C7C9E261437A15 /* MainStoryboard.storyboard */,
				7E6298E3903DB9C674C081B8 /* ViewController.h */,
				7E6290177A31841CD0CCDF3A /* ViewController.mm */,
				7E62916315663362534A5731 /* mona.png */,
			);
			path = PyramidSegmentation;
			sourceTree = "<group>";
		};
		7E6294714567727AF7BEF3D9 /* Supporting Files */ = {
			isa = PBXGroup;
			children = (
				7E629A471A316ED2C5030D9D /* PyramidSegmentationTests-Info.plist */,
				7E629350B3969D6FB3AAD599 /* InfoPlist.strings */,
			);
			name = "Supporting Files";
			sourceTree = "<group>";
		};
		7E62960F740BD62D5440B99E = {
			isa = PBXGroup;
			children = (
				7E629A212AA099877FBCDD58 /* Products */,
				7E6292494D12143C7BDD6CB4 /* Frameworks */,
				7E6293C2DA0EB2E79BA11B5E /* PyramidSegmentation */,
				7E6293A0B4FE270B569A86E7 /* PyramidSegmentationTests */,
			);
			sourceTree = "<group>";
		};
		7E629A212AA099877FBCDD58 /* Products */ = {
			isa = PBXGroup;
			children = (
				7E62917261574E21BDC7C58B /* PyramidSegmentation.app */,
				7E629BED59C434938ABBD7EE /* PyramidSegmentationTests.octest */,
			);
			name = Products;
			sourceTree = "<group>";
		};
/* End PBXGroup section */

/* Begin PBXNativeTarget section */
		7E629A24A667E69F19C82E89 /* PyramidSegmentationTests */ = {
			isa = PBXNativeTarget;
			buildConfigurationList = 7E62945AC54BA35195D0F5AC /* Build configuration list for PBXNativeTarget "PyramidSegmentationTests" */;
			buildPhases = (
				7E629DE5937EE106DC3EECAA /* Sources */,
				7E629F291E14F0E6417DF0B1 /* Frameworks */,
				7E6293D01657D7C58B395F12 /* Resources */,
				7E6297263CEC63876CDC3F33 /* ShellScript */,
			);
			buildRules = (
			);
			dependencies = (
				7E6291182AD92660FD2F10C6 /* PBXTargetDependency */,
			);
			name = PyramidSegmentationTests;
			productName = PyramidSegmentationTests;
			productReference = 7E629BED59C434938ABBD7EE /* PyramidSegmentationTests.octest */;
			productType = "com.apple.product-type.bundle";
		};
		7E629C8F47E170909A59D250 /* PyramidSegmentation */ = {
			isa = PBXNativeTarget;
			buildConfigurationList = 7E62960F2FD9A63EF5C1B6E1 /* Build configuration list for PBXNativeTarget "PyramidSegmentation" */;
			buildPhases = (
				7E629923F623326C96BE44CE /* Sources */,
				7E629C35CF3163F2D6655DB6 /* Frameworks */,
				7E6298408423D910EBB7155B /* Resources */,
			);
			buildRules = (
			);
			dependencies = (
			);
			name = PyramidSegmentation;
			productName = PyramidSegmentation;
			productReference = 7E62917261574E21BDC7C58B /* PyramidSegmentation.app */;
			productType = "com.apple.product-type.application";
		};
/* End PBXNativeTarget section */

/* Begin PBXProject section */
		7E629818B4DF5E4436DB8FF2 /* Project object */ = {
			isa = PBXProject;
			attributes = {
				ORGANIZATIONNAME = "___FULLUSERNAME___";
			};
			buildConfigurationList = 7E6292169102AE18483D8237 /* Build configuration list for PBXProject "PyramidSegmentation" */;
			compatibilityVersion = "Xcode 3.2";
			developmentRegion = English;
			hasScannedForEncodings = 0;
			knownRegions = (
				en,
			);
			mainGroup = 7E62960F740BD62D5440B99E;
			productRefGroup = 7E629A212AA099877FBCDD58 /* Products */;
			projectDirPath = "";
			projectRoot = "";
			targets = (
				7E629C8F47E170909A59D250 /* PyramidSegmentation */,
				7E629A24A667E69F19C82E89 /* PyramidSegmentationTests */,
			);
		};
/* End PBXProject section */

/* Begin PBXResourcesBuildPhase section */
		7E6293D01657D7C58B395F12 /* Resources */ = {
			isa = PBXResourcesBuildPhase;
			buildActionMask = 2147483647;
			files = (
				7E6292CB439486334CA6E4C2 /* InfoPlist.strings in Resources */,
			);
			runOnlyForDeploymentPostprocessing = 0;
		};
		7E6298408423D910EBB7155B /* Resources */ = {
			isa = PBXResourcesBuildPhase;
			buildActionMask = 2147483647;
			files = (
				7E6291026AB4D4AA274C2E54 /* InfoPlist.strings in Resources */,
				7E62985034D01C74E07E597E /* Default.png in Resources */,
				7E629815199F62B16578B9BC /* Default@2x.png in Resources */,
				7E629A15EA736AF54D24FB3C /* Default-568h@2x.png in Resources */,
				7E629EE69FC0BE60382B9448 /* MainStoryboard.storyboard in Resources */,
				7E629C6CD6FAA8000CE5CEFC /* mona.png in Resources */,
			);
			runOnlyForDeploymentPostprocessing = 0;
		};
/* End PBXResourcesBuildPhase section */

/* Begin PBXShellScriptBuildPhase section */
		7E6297263CEC63876CDC3F33 /* ShellScript */ = {
			isa = PBXShellScriptBuildPhase;
			buildActionMask = 2147483647;
			files = (
			);
			inputPaths = (
			);
			outputPaths = (
			);
			runOnlyForDeploymentPostprocessing = 0;
			shellPath = /bin/sh;
			shellScript = "# Run the unit tests in this test bundle.\n\"${SYSTEM_DEVELOPER_DIR}/Tools/RunUnitTests\"\n";
		};
/* End PBXShellScriptBuildPhase section */

/* Begin PBXSourcesBuildPhase section */
		7E629923F623326C96BE44CE /* Sources */ = {
			isa = PBXSourcesBuildPhase;
			buildActionMask = 2147483647;
			files = (
				7E62982BFF718CF014A0B6E8 /* main.m in Sources */,
				7E6296D07801DA881482298F /* AppDelegate.m in Sources */,
				7E6293B261CF4C01358C0B7F /* ViewController.mm in Sources */,
			);
			runOnlyForDeploymentPostprocessing = 0;
		};
		7E629DE5937EE106DC3EECAA /* Sources */ = {
			isa = PBXSourcesBuildPhase;
			buildActionMask = 2147483647;
			files = (
				7E62958FF1779148E63FE5C3 /* PyramidSegmentationTests.m in Sources */,
			);
			runOnlyForDeploymentPostprocessing = 0;
		};
/* End PBXSourcesBuildPhase section */

/* Begin PBXTargetDependency section */
		7E6291182AD92660FD2F10C6 /* PBXTargetDependency */ = {
			isa = PBXTargetDependency;
			target = 7E629C8F47E170909A59D250 /* PyramidSegmentation */;
			targetProxy = 7E62948E505B003AC5B410AE /* PBXContainerItemProxy */;
		};
/* End PBXTargetDependency section */

/* Begin PBXVariantGroup section */
		7E629350B3969D6FB3AAD599 /* InfoPlist.strings */ = {
			isa = PBXVariantGroup;
			children = (
				7E629546CED7554481014CCE /* en */,
			);
			name = InfoPlist.strings;
			sourceTree = "<group>";
		};
		7E6297FD41C7C9E261437A15 /* MainStoryboard.storyboard */ = {
			isa = PBXVariantGroup;
			children = (
				7E629EE9A862B378BF3E4D37 /* en */,
			);
			name = MainStoryboard.storyboard;
			sourceTree = "<group>";
		};
		7E629A312BF10619BAEC26F8 /* InfoPlist.strings */ = {
			isa = PBXVariantGroup;
			children = (
				7E6295D24A1F9B7E868FE980 /* en */,
			);
			name = InfoPlist.strings;
			sourceTree = "<group>";
		};
/* End PBXVariantGroup section */

/* Begin XCBuildConfiguration section */
		7E6293D89D902E17BAFB936D /* Release */ = {
			isa = XCBuildConfiguration;
			buildSettings = {
				ALWAYS_SEARCH_USER_PATHS = NO;
				CLANG_CXX_LANGUAGE_STANDARD = "gnu++0x";
				CLANG_CXX_LIBRARY = "libc++";
				CLANG_ENABLE_OBJC_ARC = YES;
				CLANG_WARN_CONSTANT_CONVERSION = YES;
				CLANG_WARN_EMPTY_BODY = YES;
				CLANG_WARN_ENUM_CONVERSION = YES;
				CLANG_WARN_INT_CONVERSION = YES;
				CLANG_WARN__DUPLICATE_METHOD_MATCH = YES;
				"CODE_SIGN_IDENTITY[sdk=iphoneos*]" = "iPhone Developer";
				COPY_PHASE_STRIP = YES;
				GCC_C_LANGUAGE_STANDARD = gnu99;
				GCC_WARN_ABOUT_RETURN_TYPE = YES;
				GCC_WARN_UNINITIALIZED_AUTOS = YES;
				GCC_WARN_UNUSED_VARIABLE = YES;
				IPHONEOS_DEPLOYMENT_TARGET = 6.1;
				OTHER_CFLAGS = "-DNS_BLOCK_ASSERTIONS=1";
				SDKROOT = iphoneos;
				VALIDATE_PRODUCT = YES;
			};
			name = Release;
		};
		7E6295A7D46394192A42005D /* Debug */ = {
			isa = XCBuildConfiguration;
			buildSettings = {
				FRAMEWORK_SEARCH_PATHS = "\"${PROJECT_DIR}/../../../04_Lib/iOS/opencv/platforms/ios/ios\"/**";
				GCC_PRECOMPILE_PREFIX_HEADER = YES;
				GCC_PREFIX_HEADER = "PyramidSegmentation/PyramidSegmentation-Prefix.pch";
				INFOPLIST_FILE = "PyramidSegmentation/PyramidSegmentation-Info.plist";
				PRODUCT_NAME = "$(TARGET_NAME)";
				WRAPPER_EXTENSION = app;
			};
			name = Debug;
		};
		7E6297BD6927B17B92A03BD7 /* Release */ = {
			isa = XCBuildConfiguration;
			buildSettings = {
				FRAMEWORK_SEARCH_PATHS = "\"${PROJECT_DIR}/../../../04_Lib/iOS/opencv/platforms/ios/ios\"/**";
				GCC_PRECOMPILE_PREFIX_HEADER = YES;
				GCC_PREFIX_HEADER = "PyramidSegmentation/PyramidSegmentation-Prefix.pch";
				INFOPLIST_FILE = "PyramidSegmentation/PyramidSegmentation-Info.plist";
				PRODUCT_NAME = "$(TARGET_NAME)";
				WRAPPER_EXTENSION = app;
			};
			name = Release;
		};
		7E6297F79395A0F22B15EF6A /* Release */ = {
			isa = XCBuildConfiguration;
			buildSettings = {
				BUNDLE_LOADER = "$(BUILT_PRODUCTS_DIR)/PyramidSegmentation.app/PyramidSegmentation";
				FRAMEWORK_SEARCH_PATHS = (
					"\"$(SDKROOT)/Developer/Library/Frameworks\"",
					"\"$(DEVELOPER_LIBRARY_DIR)/Frameworks\"",
				);
				GCC_PRECOMPILE_PREFIX_HEADER = YES;
				GCC_PREFIX_HEADER = "PyramidSegmentation/PyramidSegmentation-Prefix.pch";
				INFOPLIST_FILE = "PyramidSegmentationTests/PyramidSegmentationTests-Info.plist";
				PRODUCT_NAME = "$(TARGET_NAME)";
				TEST_HOST = "$(BUNDLE_LOADER)";
				WRAPPER_EXTENSION = octest;
			};
			name = Release;
		};
		7E6297FB22F459262CEB3984 /* Debug */ = {
			isa = XCBuildConfiguration;
			buildSettings = {
				BUNDLE_LOADER = "$(BUILT_PRODUCTS_DIR)/PyramidSegmentation.app/PyramidSegmentation";
				FRAMEWORK_SEARCH_PATHS = (
					"\"$(SDKROOT)/Developer/Library/Frameworks\"",
					"\"$(DEVELOPER_LIBRARY_DIR)/Frameworks\"",
				);
				GCC_PRECOMPILE_PREFIX_HEADER = YES;
				GCC_PREFIX_HEADER = "PyramidSegmentation/PyramidSegmentation-Prefix.pch";
				INFOPLIST_FILE = "PyramidSegmentationTests/PyramidSegmentationTests-Info.plist";
				PRODUCT_NAME = "$(TARGET_NAME)";
				TEST_HOST = "$(BUNDLE_LOADER)";
				WRAPPER_EXTENSION = octest;
			};
			name = Debug;
		};
		7E629D75FB8AFCA4D2EA4521 /* Debug */ = {
			isa = XCBuildConfiguration;
			buildSettings = {
				ALWAYS_SEARCH_USER_PATHS = NO;
				CLANG_CXX_LANGUAGE_STANDARD = "gnu++0x";
				CLANG_CXX_LIBRARY = "libc++";
				CLANG_ENABLE_OBJC_ARC = YES;
				CLANG_WARN_CONSTANT_CONVERSION = YES;
				CLANG_WARN_EMPTY_BODY = YES;
				CLANG_WARN_ENUM_CONVERSION = YES;
				CLANG_WARN_INT_CONVERSION = YES;
				CLANG_WARN__DUPLICATE_METHOD_MATCH = YES;
				"CODE_SIGN_IDENTITY[sdk=iphoneos*]" = "iPhone Developer";
				COPY_PHASE_STRIP = NO;
				GCC_C_LANGUAGE_STANDARD = gnu99;
				GCC_DYNAMIC_NO_PIC = NO;
				GCC_OPTIMIZATION_LEVEL = 0;
				GCC_PREPROCESSOR_DEFINITIONS = (
					"DEBUG=1",
					"$(inherited)",
				);
				GCC_SYMBOLS_PRIVATE_EXTERN = NO;
				GCC_WARN_ABOUT_RETURN_TYPE = YES;
				GCC_WARN_UNINITIALIZED_AUTOS = YES;
				GCC_WARN_UNUSED_VARIABLE = YES;
				IPHONEOS_DEPLOYMENT_TARGET = 6.1;
				ONLY_ACTIVE_ARCH = YES;
				SDKROOT = iphoneos;
			};
			name = Debug;
		};
/* End XCBuildConfiguration section */

/* Begin XCConfigurationList section */
		7E6292169102AE18483D8237 /* Build configuration list for PBXProject "PyramidSegmentation" */ = {
			isa = XCConfigurationList;
			buildConfigurations = (
				7E6293D89D902E17BAFB936D /* Release */,
				7E629D75FB8AFCA4D2EA4521 /* Debug */,
			);
			defaultConfigurationIsVisible = 0;
			defaultConfigurationName = Release;
		};
		7E62945AC54BA35195D0F5AC /* Build configuration list for PBXNativeTarget "PyramidSegmentationTests" */ = {
			isa = XCConfigurationList;
			buildConfigurations = (
				7E6297F79395A0F22B15EF6A /* Release */,
				7E6297FB22F459262CEB3984 /* Debug */,
			);
			defaultConfigurationIsVisible = 0;
		};
		7E62960F2FD9A63EF5C1B6E1 /* Build configuration list for PBXNativeTarget "PyramidSegmentation" */ = {
			isa = XCConfigurationList;
			buildConfigurations = (
				7E6297BD6927B17B92A03BD7 /* Release */,
				7E6295A7D46394192A42005D /* Debug */,
			);
			defaultConfigurationIsVisible = 0;
		};
/* End XCConfigurationList section */
	};
	rootObject = 7E629818B4DF5E4436DB8FF2 /* Project object */;
}
