// !$*UTF8*$!
{
	archiveVersion = 1;
	classes = {
	};
	objectVersion = 46;
	objects = {

/* Begin PBXBuildFile section */
		17A2FA1018222E8D00AA4981 /* Foundation.framework in Frameworks */ = {isa = PBXBuildFile; fileRef = 17A2FA0F18222E8D00AA4981 /* Foundation.framework */; };
		17A2FA1218222E8D00AA4981 /* CoreGraphics.framework in Frameworks */ = {isa = PBXBuildFile; fileRef = 17A2FA1118222E8D00AA4981 /* CoreGraphics.framework */; };
		17A2FA1418222E8D00AA4981 /* UIKit.framework in Frameworks */ = {isa = PBXBuildFile; fileRef = 17A2FA1318222E8D00AA4981 /* UIKit.framework */; };
		17A2FA1A18222E8D00AA4981 /* InfoPlist.strings in Resources */ = {isa = PBXBuildFile; fileRef = 17A2FA1818222E8D00AA4981 /* InfoPlist.strings */; };
		17A2FA1C18222E8D00AA4981 /* main.m in Sources */ = {isa = PBXBuildFile; fileRef = 17A2FA1B18222E8D00AA4981 /* main.m */; };
		17A2FA2018222E8D00AA4981 /* AppDelegate.m in Sources */ = {isa = PBXBuildFile; fileRef = 17A2FA1F18222E8D00AA4981 /* AppDelegate.m */; };
		17A2FA2318222E8D00AA4981 /* Main_iPhone.storyboard in Resources */ = {isa = PBXBuildFile; fileRef = 17A2FA2118222E8D00AA4981 /* Main_iPhone.storyboard */; };
		17A2FA2618222E8D00AA4981 /* Main_iPad.storyboard in Resources */ = {isa = PBXBuildFile; fileRef = 17A2FA2418222E8D00AA4981 /* Main_iPad.storyboard */; };
		17A2FA2918222E8D00AA4981 /* ViewController.m in Sources */ = {isa = PBXBuildFile; fileRef = 17A2FA2818222E8D00AA4981 /* ViewController.m */; };
		17A2FA2B18222E8D00AA4981 /* Images.xcassets in Resources */ = {isa = PBXBuildFile; fileRef = 17A2FA2A18222E8D00AA4981 /* Images.xcassets */; };
		17A2FA3218222E8D00AA4981 /* XCTest.framework in Frameworks */ = {isa = PBXBuildFile; fileRef = 17A2FA3118222E8D00AA4981 /* XCTest.framework */; };
		17A2FA3318222E8D00AA4981 /* Foundation.framework in Frameworks */ = {isa = PBXBuildFile; fileRef = 17A2FA0F18222E8D00AA4981 /* Foundation.framework */; };
		17A2FA3418222E8D00AA4981 /* UIKit.framework in Frameworks */ = {isa = PBXBuildFile; fileRef = 17A2FA1318222E8D00AA4981 /* UIKit.framework */; };
		17A2FA3C18222E8D00AA4981 /* InfoPlist.strings in Resources */ = {isa = PBXBuildFile; fileRef = 17A2FA3A18222E8D00AA4981 /* InfoPlist.strings */; };
		17A2FA3E18222E8D00AA4981 /* ParseJsonTests.m in Sources */ = {isa = PBXBuildFile; fileRef = 17A2FA3D18222E8D00AA4981 /* ParseJsonTests.m */; };
/* End PBXBuildFile section */

/* Begin PBXContainerItemProxy section */
		17A2FA3518222E8D00AA4981 /* PBXContainerItemProxy */ = {
			isa = PBXContainerItemProxy;
			containerPortal = 17A2FA0418222E8C00AA4981 /* Project object */;
			proxyType = 1;
			remoteGlobalIDString = 17A2FA0B18222E8C00AA4981;
			remoteInfo = ParseJson;
		};
/* End PBXContainerItemProxy section */

/* Begin PBXFileReference section */
		17A2FA0C18222E8D00AA4981 /* ParseJson.app */ = {isa = PBXFileReference; explicitFileType = wrapper.application; includeInIndex = 0; path = ParseJson.app; sourceTree = BUILT_PRODUCTS_DIR; };
		17A2FA0F18222E8D00AA4981 /* Foundation.framework */ = {isa = PBXFileReference; lastKnownFileType = wrapper.framework; name = Foundation.framework; path = System/Library/Frameworks/Foundation.framework; sourceTree = SDKROOT; };
		17A2FA1118222E8D00AA4981 /* CoreGraphics.framework */ = {isa = PBXFileReference; lastKnownFileType = wrapper.framework; name = CoreGraphics.framework; path = System/Library/Frameworks/CoreGraphics.framework; sourceTree = SDKROOT; };
		17A2FA1318222E8D00AA4981 /* UIKit.framework */ = {isa = PBXFileReference; lastKnownFileType = wrapper.framework; name = UIKit.framework; path = System/Library/Frameworks/UIKit.framework; sourceTree = SDKROOT; };
		17A2FA1718222E8D00AA4981 /* ParseJson-Info.plist */ = {isa = PBXFileReference; lastKnownFileType = text.plist.xml; path = "ParseJson-Info.plist"; sourceTree = "<group>"; };
		17A2FA1918222E8D00AA4981 /* en */ = {isa = PBXFileReference; lastKnownFileType = text.plist.strings; name = en; path = en.lproj/InfoPlist.strings; sourceTree = "<group>"; };
		17A2FA1B18222E8D00AA4981 /* main.m */ = {isa = PBXFileReference; lastKnownFileType = sourcecode.c.objc; path = main.m; sourceTree = "<group>"; };
		17A2FA1D18222E8D00AA4981 /* ParseJson-Prefix.pch */ = {isa = PBXFileReference; lastKnownFileType = sourcecode.c.h; path = "ParseJson-Prefix.pch"; sourceTree = "<group>"; };
		17A2FA1E18222E8D00AA4981 /* AppDelegate.h */ = {isa = PBXFileReference; lastKnownFileType = sourcecode.c.h; path = AppDelegate.h; sourceTree = "<group>"; };
		17A2FA1F18222E8D00AA4981 /* AppDelegate.m */ = {isa = PBXFileReference; lastKnownFileType = sourcecode.c.objc; path = AppDelegate.m; sourceTree = "<group>"; };
		17A2FA2218222E8D00AA4981 /* Base */ = {isa = PBXFileReference; lastKnownFileType = file.storyboard; name = Base; path = Base.lproj/Main_iPhone.storyboard; sourceTree = "<group>"; };
		17A2FA2518222E8D00AA4981 /* Base */ = {isa = PBXFileReference; lastKnownFileType = file.storyboard; name = Base; path = Base.lproj/Main_iPad.storyboard; sourceTree = "<group>"; };
		17A2FA2718222E8D00AA4981 /* ViewController.h */ = {isa = PBXFileReference; lastKnownFileType = sourcecode.c.h; path = ViewController.h; sourceTree = "<group>"; };
		17A2FA2818222E8D00AA4981 /* ViewController.m */ = {isa = PBXFileReference; lastKnownFileType = sourcecode.c.objc; path = ViewController.m; sourceTree = "<group>"; };
		17A2FA2A18222E8D00AA4981 /* Images.xcassets */ = {isa = PBXFileReference; lastKnownFileType = folder.assetcatalog; path = Images.xcassets; sourceTree = "<group>"; };
		17A2FA3018222E8D00AA4981 /* ParseJsonTests.xctest */ = {isa = PBXFileReference; explicitFileType = wrapper.cfbundle; includeInIndex = 0; path = ParseJsonTests.xctest; sourceTree = BUILT_PRODUCTS_DIR; };
		17A2FA3118222E8D00AA4981 /* XCTest.framework */ = {isa = PBXFileReference; lastKnownFileType = wrapper.framework; name = XCTest.framework; path = Library/Frameworks/XCTest.framework; sourceTree = DEVELOPER_DIR; };
		17A2FA3918222E8D00AA4981 /* ParseJsonTests-Info.plist */ = {isa = PBXFileReference; lastKnownFileType = text.plist.xml; path = "ParseJsonTests-Info.plist"; sourceTree = "<group>"; };
		17A2FA3B18222E8D00AA4981 /* en */ = {isa = PBXFileReference; lastKnownFileType = text.plist.strings; name = en; path = en.lproj/InfoPlist.strings; sourceTree = "<group>"; };
		17A2FA3D18222E8D00AA4981 /* ParseJsonTests.m */ = {isa = PBXFileReference; lastKnownFileType = sourcecode.c.objc; path = ParseJsonTests.m; sourceTree = "<group>"; };
/* End PBXFileReference section */

/* Begin PBXFrameworksBuildPhase section */
		17A2FA0918222E8C00AA4981 /* Frameworks */ = {
			isa = PBXFrameworksBuildPhase;
			buildActionMask = 2147483647;
			files = (
				17A2FA1218222E8D00AA4981 /* CoreGraphics.framework in Frameworks */,
				17A2FA1418222E8D00AA4981 /* UIKit.framework in Frameworks */,
				17A2FA1018222E8D00AA4981 /* Foundation.framework in Frameworks */,
			);
			runOnlyForDeploymentPostprocessing = 0;
		};
		17A2FA2D18222E8D00AA4981 /* Frameworks */ = {
			isa = PBXFrameworksBuildPhase;
			buildActionMask = 2147483647;
			files = (
				17A2FA3218222E8D00AA4981 /* XCTest.framework in Frameworks */,
				17A2FA3418222E8D00AA4981 /* UIKit.framework in Frameworks */,
				17A2FA3318222E8D00AA4981 /* Foundation.framework in Frameworks */,
			);
			runOnlyForDeploymentPostprocessing = 0;
		};
/* End PBXFrameworksBuildPhase section */

/* Begin PBXGroup section */
		17A2FA0318222E8C00AA4981 = {
			isa = PBXGroup;
			children = (
				17A2FA1518222E8D00AA4981 /* ParseJson */,
				17A2FA3718222E8D00AA4981 /* ParseJsonTests */,
				17A2FA0E18222E8D00AA4981 /* Frameworks */,
				17A2FA0D18222E8D00AA4981 /* Products */,
			);
			sourceTree = "<group>";
		};
		17A2FA0D18222E8D00AA4981 /* Products */ = {
			isa = PBXGroup;
			children = (
				17A2FA0C18222E8D00AA4981 /* ParseJson.app */,
				17A2FA3018222E8D00AA4981 /* ParseJsonTests.xctest */,
			);
			name = Products;
			sourceTree = "<group>";
		};
		17A2FA0E18222E8D00AA4981 /* Frameworks */ = {
			isa = PBXGroup;
			children = (
				17A2FA0F18222E8D00AA4981 /* Foundation.framework */,
				17A2FA1118222E8D00AA4981 /* CoreGraphics.framework */,
				17A2FA1318222E8D00AA4981 /* UIKit.framework */,
				17A2FA3118222E8D00AA4981 /* XCTest.framework */,
			);
			name = Frameworks;
			sourceTree = "<group>";
		};
		17A2FA1518222E8D00AA4981 /* ParseJson */ = {
			isa = PBXGroup;
			children = (
				17A2FA1E18222E8D00AA4981 /* AppDelegate.h */,
				17A2FA1F18222E8D00AA4981 /* AppDelegate.m */,
				17A2FA2118222E8D00AA4981 /* Main_iPhone.storyboard */,
				17A2FA2418222E8D00AA4981 /* Main_iPad.storyboard */,
				17A2FA2718222E8D00AA4981 /* ViewController.h */,
				17A2FA2818222E8D00AA4981 /* ViewController.m */,
				17A2FA2A18222E8D00AA4981 /* Images.xcassets */,
				17A2FA1618222E8D00AA4981 /* Supporting Files */,
			);
			path = ParseJson;
			sourceTree = "<group>";
		};
		17A2FA1618222E8D00AA4981 /* Supporting Files */ = {
			isa = PBXGroup;
			children = (
				17A2FA1718222E8D00AA4981 /* ParseJson-Info.plist */,
				17A2FA1818222E8D00AA4981 /* InfoPlist.strings */,
				17A2FA1B18222E8D00AA4981 /* main.m */,
				17A2FA1D18222E8D00AA4981 /* ParseJson-Prefix.pch */,
			);
			name = "Supporting Files";
			sourceTree = "<group>";
		};
		17A2FA3718222E8D00AA4981 /* ParseJsonTests */ = {
			isa = PBXGroup;
			children = (
				17A2FA3D18222E8D00AA4981 /* ParseJsonTests.m */,
				17A2FA3818222E8D00AA4981 /* Supporting Files */,
			);
			path = ParseJsonTests;
			sourceTree = "<group>";
		};
		17A2FA3818222E8D00AA4981 /* Supporting Files */ = {
			isa = PBXGroup;
			children = (
				17A2FA3918222E8D00AA4981 /* ParseJsonTests-Info.plist */,
				17A2FA3A18222E8D00AA4981 /* InfoPlist.strings */,
			);
			name = "Supporting Files";
			sourceTree = "<group>";
		};
/* End PBXGroup section */

/* Begin PBXNativeTarget section */
		17A2FA0B18222E8C00AA4981 /* ParseJson */ = {
			isa = PBXNativeTarget;
			buildConfigurationList = 17A2FA4118222E8D00AA4981 /* Build configuration list for PBXNativeTarget "ParseJson" */;
			buildPhases = (
				17A2FA0818222E8C00AA4981 /* Sources */,
				17A2FA0918222E8C00AA4981 /* Frameworks */,
				17A2FA0A18222E8C00AA4981 /* Resources */,
			);
			buildRules = (
			);
			dependencies = (
			);
			name = ParseJson;
			productName = ParseJson;
			productReference = 17A2FA0C18222E8D00AA4981 /* ParseJson.app */;
			productType = "com.apple.product-type.application";
		};
		17A2FA2F18222E8D00AA4981 /* ParseJsonTests */ = {
			isa = PBXNativeTarget;
			buildConfigurationList = 17A2FA4418222E8D00AA4981 /* Build configuration list for PBXNativeTarget "ParseJsonTests" */;
			buildPhases = (
				17A2FA2C18222E8D00AA4981 /* Sources */,
				17A2FA2D18222E8D00AA4981 /* Frameworks */,
				17A2FA2E18222E8D00AA4981 /* Resources */,
			);
			buildRules = (
			);
			dependencies = (
				17A2FA3618222E8D00AA4981 /* PBXTargetDependency */,
			);
			name = ParseJsonTests;
			productName = ParseJsonTests;
			productReference = 17A2FA3018222E8D00AA4981 /* ParseJsonTests.xctest */;
			productType = "com.apple.product-type.bundle.unit-test";
		};
/* End PBXNativeTarget section */

/* Begin PBXProject section */
		17A2FA0418222E8C00AA4981 /* Project object */ = {
			isa = PBXProject;
			attributes = {
				LastUpgradeCheck = 0500;
				ORGANIZATIONNAME = seijiro;
				TargetAttributes = {
					17A2FA2F18222E8D00AA4981 = {
						TestTargetID = 17A2FA0B18222E8C00AA4981;
					};
				};
			};
			buildConfigurationList = 17A2FA0718222E8C00AA4981 /* Build configuration list for PBXProject "ParseJson" */;
			compatibilityVersion = "Xcode 3.2";
			developmentRegion = English;
			hasScannedForEncodings = 0;
			knownRegions = (
				en,
				Base,
			);
			mainGroup = 17A2FA0318222E8C00AA4981;
			productRefGroup = 17A2FA0D18222E8D00AA4981 /* Products */;
			projectDirPath = "";
			projectRoot = "";
			targets = (
				17A2FA0B18222E8C00AA4981 /* ParseJson */,
				17A2FA2F18222E8D00AA4981 /* ParseJsonTests */,
			);
		};
/* End PBXProject section */

/* Begin PBXResourcesBuildPhase section */
		17A2FA0A18222E8C00AA4981 /* Resources */ = {
			isa = PBXResourcesBuildPhase;
			buildActionMask = 2147483647;
			files = (
				17A2FA2618222E8D00AA4981 /* Main_iPad.storyboard in Resources */,
				17A2FA2B18222E8D00AA4981 /* Images.xcassets in Resources */,
				17A2FA2318222E8D00AA4981 /* Main_iPhone.storyboard in Resources */,
				17A2FA1A18222E8D00AA4981 /* InfoPlist.strings in Resources */,
			);
			runOnlyForDeploymentPostprocessing = 0;
		};
		17A2FA2E18222E8D00AA4981 /* Resources */ = {
			isa = PBXResourcesBuildPhase;
			buildActionMask = 2147483647;
			files = (
				17A2FA3C18222E8D00AA4981 /* InfoPlist.strings in Resources */,
			);
			runOnlyForDeploymentPostprocessing = 0;
		};
/* End PBXResourcesBuildPhase section */

/* Begin PBXSourcesBuildPhase section */
		17A2FA0818222E8C00AA4981 /* Sources */ = {
			isa = PBXSourcesBuildPhase;
			buildActionMask = 2147483647;
			files = (
				17A2FA2918222E8D00AA4981 /* ViewController.m in Sources */,
				17A2FA2018222E8D00AA4981 /* AppDelegate.m in Sources */,
				17A2FA1C18222E8D00AA4981 /* main.m in Sources */,
			);
			runOnlyForDeploymentPostprocessing = 0;
		};
		17A2FA2C18222E8D00AA4981 /* Sources */ = {
			isa = PBXSourcesBuildPhase;
			buildActionMask = 2147483647;
			files = (
				17A2FA3E18222E8D00AA4981 /* ParseJsonTests.m in Sources */,
			);
			runOnlyForDeploymentPostprocessing = 0;
		};
/* End PBXSourcesBuildPhase section */

/* Begin PBXTargetDependency section */
		17A2FA3618222E8D00AA4981 /* PBXTargetDependency */ = {
			isa = PBXTargetDependency;
			target = 17A2FA0B18222E8C00AA4981 /* ParseJson */;
			targetProxy = 17A2FA3518222E8D00AA4981 /* PBXContainerItemProxy */;
		};
/* End PBXTargetDependency section */

/* Begin PBXVariantGroup section */
		17A2FA1818222E8D00AA4981 /* InfoPlist.strings */ = {
			isa = PBXVariantGroup;
			children = (
				17A2FA1918222E8D00AA4981 /* en */,
			);
			name = InfoPlist.strings;
			sourceTree = "<group>";
		};
		17A2FA2118222E8D00AA4981 /* Main_iPhone.storyboard */ = {
			isa = PBXVariantGroup;
			children = (
				17A2FA2218222E8D00AA4981 /* Base */,
			);
			name = Main_iPhone.storyboard;
			sourceTree = "<group>";
		};
		17A2FA2418222E8D00AA4981 /* Main_iPad.storyboard */ = {
			isa = PBXVariantGroup;
			children = (
				17A2FA2518222E8D00AA4981 /* Base */,
			);
			name = Main_iPad.storyboard;
			sourceTree = "<group>";
		};
		17A2FA3A18222E8D00AA4981 /* InfoPlist.strings */ = {
			isa = PBXVariantGroup;
			children = (
				17A2FA3B18222E8D00AA4981 /* en */,
			);
			name = InfoPlist.strings;
			sourceTree = "<group>";
		};
/* End PBXVariantGroup section */

/* Begin XCBuildConfiguration section */
		17A2FA3F18222E8D00AA4981 /* Debug */ = {
			isa = XCBuildConfiguration;
			buildSettings = {
				ALWAYS_SEARCH_USER_PATHS = NO;
				ARCHS = "$(ARCHS_STANDARD_INCLUDING_64_BIT)";
				CLANG_CXX_LANGUAGE_STANDARD = "gnu++0x";
				CLANG_CXX_LIBRARY = "libc++";
				CLANG_ENABLE_MODULES = YES;
				CLANG_ENABLE_OBJC_ARC = YES;
				CLANG_WARN_BOOL_CONVERSION = YES;
				CLANG_WARN_CONSTANT_CONVERSION = YES;
				CLANG_WARN_DIRECT_OBJC_ISA_USAGE = YES_ERROR;
				CLANG_WARN_EMPTY_BODY = YES;
				CLANG_WARN_ENUM_CONVERSION = YES;
				CLANG_WARN_INT_CONVERSION = YES;
				CLANG_WARN_OBJC_ROOT_CLASS = YES_ERROR;
				CLANG_WARN__DUPLICATE_METHOD_MATCH = YES;
				"CODE_SIGN_IDENTITY[sdk=iphoneos*]" = "iPhone Developer";
				COPY_PHASE_STRIP = NO;
				GCC_C_LANGUAGE_STANDARD = gnu99;
				GCC_DYNAMIC_NO_PIC = NO;
				GCC_OPTIMIZATION_LEVEL = 0;
				GCC_PREPROCESSOR_DEFINITIONS = (
					"DEBUG=1",
					"$(inherited)",
				);
				GCC_SYMBOLS_PRIVATE_EXTERN = NO;
				GCC_WARN_64_TO_32_BIT_CONVERSION = YES;
				GCC_WARN_ABOUT_RETURN_TYPE = YES_ERROR;
				GCC_WARN_UNDECLARED_SELECTOR = YES;
				GCC_WARN_UNINITIALIZED_AUTOS = YES;
				GCC_WARN_UNUSED_FUNCTION = YES;
				GCC_WARN_UNUSED_VARIABLE = YES;
				IPHONEOS_DEPLOYMENT_TARGET = 7.0;
				ONLY_ACTIVE_ARCH = YES;
				SDKROOT = iphoneos;
				TARGETED_DEVICE_FAMILY = "1,2";
			};
			name = Debug;
		};
		17A2FA4018222E8D00AA4981 /* Release */ = {
			isa = XCBuildConfiguration;
			buildSettings = {
				ALWAYS_SEARCH_USER_PATHS = NO;
				ARCHS = "$(ARCHS_STANDARD_INCLUDING_64_BIT)";
				CLANG_CXX_LANGUAGE_STANDARD = "gnu++0x";
				CLANG_CXX_LIBRARY = "libc++";
				CLANG_ENABLE_MODULES = YES;
				CLANG_ENABLE_OBJC_ARC = YES;
				CLANG_WARN_BOOL_CONVERSION = YES;
				CLANG_WARN_CONSTANT_CONVERSION = YES;
				CLANG_WARN_DIRECT_OBJC_ISA_USAGE = YES_ERROR;
				CLANG_WARN_EMPTY_BODY = YES;
				CLANG_WARN_ENUM_CONVERSION = YES;
				CLANG_WARN_INT_CONVERSION = YES;
				CLANG_WARN_OBJC_ROOT_CLASS = YES_ERROR;
				CLANG_WARN__DUPLICATE_METHOD_MATCH = YES;
				"CODE_SIGN_IDENTITY[sdk=iphoneos*]" = "iPhone Developer";
				COPY_PHASE_STRIP = YES;
				ENABLE_NS_ASSERTIONS = NO;
				GCC_C_LANGUAGE_STANDARD = gnu99;
				GCC_WARN_64_TO_32_BIT_CONVERSION = YES;
				GCC_WARN_ABOUT_RETURN_TYPE = YES_ERROR;
				GCC_WARN_UNDECLARED_SELECTOR = YES;
				GCC_WARN_UNINITIALIZED_AUTOS = YES;
				GCC_WARN_UNUSED_FUNCTION = YES;
				GCC_WARN_UNUSED_VARIABLE = YES;
				IPHONEOS_DEPLOYMENT_TARGET = 7.0;
				SDKROOT = iphoneos;
				TARGETED_DEVICE_FAMILY = "1,2";
				VALIDATE_PRODUCT = YES;
			};
			name = Release;
		};
		17A2FA4218222E8D00AA4981 /* Debug */ = {
			isa = XCBuildConfiguration;
			buildSettings = {
				ASSETCATALOG_COMPILER_APPICON_NAME = AppIcon;
				ASSETCATALOG_COMPILER_LAUNCHIMAGE_NAME = LaunchImage;
				GCC_PRECOMPILE_PREFIX_HEADER = YES;
				GCC_PREFIX_HEADER = "ParseJson/ParseJson-Prefix.pch";
				INFOPLIST_FILE = "ParseJson/ParseJson-Info.plist";
				PRODUCT_NAME = "$(TARGET_NAME)";
				WRAPPER_EXTENSION = app;
			};
			name = Debug;
		};
		17A2FA4318222E8D00AA4981 /* Release */ = {
			isa = XCBuildConfiguration;
			buildSettings = {
				ASSETCATALOG_COMPILER_APPICON_NAME = AppIcon;
				ASSETCATALOG_COMPILER_LAUNCHIMAGE_NAME = LaunchImage;
				GCC_PRECOMPILE_PREFIX_HEADER = YES;
				GCC_PREFIX_HEADER = "ParseJson/ParseJson-Prefix.pch";
				INFOPLIST_FILE = "ParseJson/ParseJson-Info.plist";
				PRODUCT_NAME = "$(TARGET_NAME)";
				WRAPPER_EXTENSION = app;
			};
			name = Release;
		};
		17A2FA4518222E8D00AA4981 /* Debug */ = {
			isa = XCBuildConfiguration;
			buildSettings = {
				ARCHS = "$(ARCHS_STANDARD_INCLUDING_64_BIT)";
				BUNDLE_LOADER = "$(BUILT_PRODUCTS_DIR)/ParseJson.app/ParseJson";
				FRAMEWORK_SEARCH_PATHS = (
					"$(SDKROOT)/Developer/Library/Frameworks",
					"$(inherited)",
					"$(DEVELOPER_FRAMEWORKS_DIR)",
				);
				GCC_PRECOMPILE_PREFIX_HEADER = YES;
				GCC_PREFIX_HEADER = "ParseJson/ParseJson-Prefix.pch";
				GCC_PREPROCESSOR_DEFINITIONS = (
					"DEBUG=1",
					"$(inherited)",
				);
				INFOPLIST_FILE = "ParseJsonTests/ParseJsonTests-Info.plist";
				PRODUCT_NAME = "$(TARGET_NAME)";
				TEST_HOST = "$(BUNDLE_LOADER)";
				WRAPPER_EXTENSION = xctest;
			};
			name = Debug;
		};
		17A2FA4618222E8D00AA4981 /* Release */ = {
			isa = XCBuildConfiguration;
			buildSettings = {
				ARCHS = "$(ARCHS_STANDARD_INCLUDING_64_BIT)";
				BUNDLE_LOADER = "$(BUILT_PRODUCTS_DIR)/ParseJson.app/ParseJson";
				FRAMEWORK_SEARCH_PATHS = (
					"$(SDKROOT)/Developer/Library/Frameworks",
					"$(inherited)",
					"$(DEVELOPER_FRAMEWORKS_DIR)",
				);
				GCC_PRECOMPILE_PREFIX_HEADER = YES;
				GCC_PREFIX_HEADER = "ParseJson/ParseJson-Prefix.pch";
				INFOPLIST_FILE = "ParseJsonTests/ParseJsonTests-Info.plist";
				PRODUCT_NAME = "$(TARGET_NAME)";
				TEST_HOST = "$(BUNDLE_LOADER)";
				WRAPPER_EXTENSION = xctest;
			};
			name = Release;
		};
/* End XCBuildConfiguration section */

/* Begin XCConfigurationList section */
		17A2FA0718222E8C00AA4981 /* Build configuration list for PBXProject "ParseJson" */ = {
			isa = XCConfigurationList;
			buildConfigurations = (
				17A2FA3F18222E8D00AA4981 /* Debug */,
				17A2FA4018222E8D00AA4981 /* Release */,
			);
			defaultConfigurationIsVisible = 0;
			defaultConfigurationName = Release;
		};
		17A2FA4118222E8D00AA4981 /* Build configuration list for PBXNativeTarget "ParseJson" */ = {
			isa = XCConfigurationList;
			buildConfigurations = (
				17A2FA4218222E8D00AA4981 /* Debug */,
				17A2FA4318222E8D00AA4981 /* Release */,
			);
			defaultConfigurationIsVisible = 0;
		};
		17A2FA4418222E8D00AA4981 /* Build configuration list for PBXNativeTarget "ParseJsonTests" */ = {
			isa = XCConfigurationList;
			buildConfigurations = (
				17A2FA4518222E8D00AA4981 /* Debug */,
				17A2FA4618222E8D00AA4981 /* Release */,
			);
			defaultConfigurationIsVisible = 0;
		};
/* End XCConfigurationList section */
	};
	rootObject = 17A2FA0418222E8C00AA4981 /* Project object */;
}
