// !$*UTF8*$!
{
	archiveVersion = 1;
	classes = {
	};
	objectVersion = 46;
	objects = {

/* Begin PBXBuildFile section */
		7E62903BAEFE210F19F75A9F /* InfoPlist.strings in Resources */ = {isa = PBXBuildFile; fileRef = 7E629DD8B8D38BFFB94BC3A4 /* InfoPlist.strings */; };
		7E6290D629A07DD3F654FBF9 /* CropMaskSampleTests.m in Sources */ = {isa = PBXBuildFile; fileRef = 7E6295711FD7D60C12DEE14F /* CropMaskSampleTests.m */; };
		7E6290DFB9241143422D8AF5 /* ozawa_hello.png in Resources */ = {isa = PBXBuildFile; fileRef = 7E629D3968BAFB732EEBC3ED /* ozawa_hello.png */; };
		7E6291E32336994F14D8DCDB /* Foundation.framework in Frameworks */ = {isa = PBXBuildFile; fileRef = 7E629C0B07819DA5E54E3B21 /* Foundation.framework */; };
		7E629232BDD3C579246811DF /* UIKit.framework in Frameworks */ = {isa = PBXBuildFile; fileRef = 7E629D226EA7988F0608B817 /* UIKit.framework */; };
		7E6292D3D1777274B5F2075E /* mask1.png in Resources */ = {isa = PBXBuildFile; fileRef = 7E6298B41BCA0D83D3D86393 /* mask1.png */; };
		7E6293376512483542817053 /* AppDelegate.m in Sources */ = {isa = PBXBuildFile; fileRef = 7E6292CAC1E46DCE006B71BB /* AppDelegate.m */; };
		7E6294FEDF026404ED9D8D1E /* ozawa.png in Resources */ = {isa = PBXBuildFile; fileRef = 7E629623A482D6FB69F0ACA5 /* ozawa.png */; };
		7E6295A7831AC468EDB60CCD /* Default-568h@2x.png in Resources */ = {isa = PBXBuildFile; fileRef = 7E62919C32E731DF272BF3BF /* Default-568h@2x.png */; };
		7E6297673E82E3771D4291D9 /* mask.png in Resources */ = {isa = PBXBuildFile; fileRef = 7E629909ACBDC80F29FF9856 /* mask.png */; };
		7E6297884A5F87C27BD1AACD /* Default@2x.png in Resources */ = {isa = PBXBuildFile; fileRef = 7E629C848591ABFD11665709 /* Default@2x.png */; };
		7E62981728FB494132E4F675 /* main.m in Sources */ = {isa = PBXBuildFile; fileRef = 7E6294B2E97FB3BAC59F6E4C /* main.m */; };
		7E62983E5E88415645371660 /* UIKit.framework in Frameworks */ = {isa = PBXBuildFile; fileRef = 7E629D226EA7988F0608B817 /* UIKit.framework */; };
		7E62987C56CB62AB917FCD75 /* Foundation.framework in Frameworks */ = {isa = PBXBuildFile; fileRef = 7E629C0B07819DA5E54E3B21 /* Foundation.framework */; };
		7E6298AE2AC5C2A3D0E43E17 /* CoreGraphics.framework in Frameworks */ = {isa = PBXBuildFile; fileRef = 7E629E1EBBF84DBDA45455D5 /* CoreGraphics.framework */; };
		7E6299ABA82491E80D5442E8 /* InfoPlist.strings in Resources */ = {isa = PBXBuildFile; fileRef = 7E62917A46DBA9968915B6E0 /* InfoPlist.strings */; };
		7E629AD7C233E1FC9C238EAE /* ViewController.m in Sources */ = {isa = PBXBuildFile; fileRef = 7E6290330AD57EA3BFCDDCE8 /* ViewController.m */; };
		7E629ADC621320CD639C100D /* mask_basic.png in Resources */ = {isa = PBXBuildFile; fileRef = 7E6297E736E0491159712BAB /* mask_basic.png */; };
		7E629B4D99A2FAA0E685048C /* mask_large.png in Resources */ = {isa = PBXBuildFile; fileRef = 7E62916AF129159851E1A46D /* mask_large.png */; };
		7E629C6AA22665E22DC0806B /* MainStoryboard.storyboard in Resources */ = {isa = PBXBuildFile; fileRef = 7E6296D745D29E79F6291DF4 /* MainStoryboard.storyboard */; };
		7E629CA525D442ED56AAF6B2 /* ozawa_resize.png in Resources */ = {isa = PBXBuildFile; fileRef = 7E629888B0B0155FC8D066D6 /* ozawa_resize.png */; };
		7E629D22BB67504EB87999F2 /* UIImage+MergeMask.m in Sources */ = {isa = PBXBuildFile; fileRef = 7E629E902B7E284053F4BB78 /* UIImage+MergeMask.m */; };
		7E629D5237E7656AFCEC58A7 /* SenTestingKit.framework in Frameworks */ = {isa = PBXBuildFile; fileRef = 7E6298F949574EC1A66CA228 /* SenTestingKit.framework */; };
		7E629D73F784D3991F8A6B78 /* mask_black.png in Resources */ = {isa = PBXBuildFile; fileRef = 7E629E5EB1C4295CD4ACEE0D /* mask_black.png */; };
		7E629E9C8CB0DC8E4A31341D /* resized.png in Resources */ = {isa = PBXBuildFile; fileRef = 7E629D0DD71F885036D2662B /* resized.png */; };
		7E629F4418BF58EAE384F3FD /* Default.png in Resources */ = {isa = PBXBuildFile; fileRef = 7E6292689D32D341B6F3B5A5 /* Default.png */; };
		7E629F7C8861C5DAEE6D6DFA /* UIImage+Mask.m in Sources */ = {isa = PBXBuildFile; fileRef = 7E6293167AB7A4731A330865 /* UIImage+Mask.m */; };
/* End PBXBuildFile section */

/* Begin PBXContainerItemProxy section */
		7E629A713F60783550AB1485 /* PBXContainerItemProxy */ = {
			isa = PBXContainerItemProxy;
			containerPortal = 7E629FB5E63A2954DFA4A389 /* Project object */;
			proxyType = 1;
			remoteGlobalIDString = 7E629647734D1EE888A937E9;
			remoteInfo = CropMaskSample;
		};
/* End PBXContainerItemProxy section */

/* Begin PBXFileReference section */
		7E6290330AD57EA3BFCDDCE8 /* ViewController.m */ = {isa = PBXFileReference; lastKnownFileType = sourcecode.c.objc; path = ViewController.m; sourceTree = "<group>"; };
		7E629054493FBBBF9962AFBE /* CropMaskSample.app */ = {isa = PBXFileReference; explicitFileType = wrapper.application; includeInIndex = 0; path = CropMaskSample.app; sourceTree = BUILT_PRODUCTS_DIR; };
		7E6290B4285C21C5E4A21AED /* en */ = {isa = PBXFileReference; lastKnownFileType = file.storyboard; name = en; path = en.lproj/MainStoryboard.storyboard; sourceTree = "<group>"; };
		7E62916AF129159851E1A46D /* mask_large.png */ = {isa = PBXFileReference; lastKnownFileType = image.png; path = mask_large.png; sourceTree = "<group>"; };
		7E62919C32E731DF272BF3BF /* Default-568h@2x.png */ = {isa = PBXFileReference; lastKnownFileType = image.png; path = "Default-568h@2x.png"; sourceTree = "<group>"; };
		7E6292689D32D341B6F3B5A5 /* Default.png */ = {isa = PBXFileReference; lastKnownFileType = image.png; path = Default.png; sourceTree = "<group>"; };
		7E62927A1820DE5931C95A00 /* CropMaskSampleTests.octest */ = {isa = PBXFileReference; explicitFileType = wrapper.cfbundle; includeInIndex = 0; path = CropMaskSampleTests.octest; sourceTree = BUILT_PRODUCTS_DIR; };
		7E6292CAC1E46DCE006B71BB /* AppDelegate.m */ = {isa = PBXFileReference; lastKnownFileType = sourcecode.c.objc; path = AppDelegate.m; sourceTree = "<group>"; };
		7E6293167AB7A4731A330865 /* UIImage+Mask.m */ = {isa = PBXFileReference; fileEncoding = 4; lastKnownFileType = sourcecode.c.objc; path = "UIImage+Mask.m"; sourceTree = "<group>"; };
		7E62931C80B27D46514A3D84 /* CropMaskSampleTests-Info.plist */ = {isa = PBXFileReference; lastKnownFileType = text.plist.info; path = "CropMaskSampleTests-Info.plist"; sourceTree = "<group>"; };
		7E6294B2E97FB3BAC59F6E4C /* main.m */ = {isa = PBXFileReference; lastKnownFileType = sourcecode.c.objc; path = main.m; sourceTree = "<group>"; };
		7E6295711FD7D60C12DEE14F /* CropMaskSampleTests.m */ = {isa = PBXFileReference; lastKnownFileType = sourcecode.c.objc; path = CropMaskSampleTests.m; sourceTree = "<group>"; };
		7E629623A482D6FB69F0ACA5 /* ozawa.png */ = {isa = PBXFileReference; lastKnownFileType = image.png; path = ozawa.png; sourceTree = "<group>"; };
		7E6297E3CD2EF0A6D526A2E1 /* en */ = {isa = PBXFileReference; lastKnownFileType = text.plist.strings; name = en; path = en.lproj/InfoPlist.strings; sourceTree = "<group>"; };
		7E6297E736E0491159712BAB /* mask_basic.png */ = {isa = PBXFileReference; lastKnownFileType = image.png; path = mask_basic.png; sourceTree = "<group>"; };
		7E6298113AC9C7B6DED7A942 /* ViewController.h */ = {isa = PBXFileReference; lastKnownFileType = sourcecode.c.h; path = ViewController.h; sourceTree = "<group>"; };
		7E629888B0B0155FC8D066D6 /* ozawa_resize.png */ = {isa = PBXFileReference; lastKnownFileType = image.png; path = ozawa_resize.png; sourceTree = "<group>"; };
		7E6298B41BCA0D83D3D86393 /* mask1.png */ = {isa = PBXFileReference; lastKnownFileType = image.png; path = mask1.png; sourceTree = "<group>"; };
		7E6298F949574EC1A66CA228 /* SenTestingKit.framework */ = {isa = PBXFileReference; lastKnownFileType = wrapper.framework; name = SenTestingKit.framework; path = Library/Frameworks/SenTestingKit.framework; sourceTree = DEVELOPER_DIR; };
		7E62990340B3DD78E3021C34 /* CropMaskSampleTests.h */ = {isa = PBXFileReference; lastKnownFileType = sourcecode.c.h; path = CropMaskSampleTests.h; sourceTree = "<group>"; };
		7E629909ACBDC80F29FF9856 /* mask.png */ = {isa = PBXFileReference; lastKnownFileType = image.png; path = mask.png; sourceTree = "<group>"; };
		7E629909CDFC02088F56648F /* UIImage+MergeMask.h */ = {isa = PBXFileReference; fileEncoding = 4; lastKnownFileType = sourcecode.c.h; path = "UIImage+MergeMask.h"; sourceTree = "<group>"; };
		7E629A71CE6BEAA42F2BAD96 /* en */ = {isa = PBXFileReference; lastKnownFileType = text.plist.strings; name = en; path = en.lproj/InfoPlist.strings; sourceTree = "<group>"; };
		7E629AA16F787BEFC5137880 /* AppDelegate.h */ = {isa = PBXFileReference; lastKnownFileType = sourcecode.c.h; path = AppDelegate.h; sourceTree = "<group>"; };
		7E629B87D204A8F28C43B14A /* CropMaskSample-Prefix.pch */ = {isa = PBXFileReference; lastKnownFileType = sourcecode.c.h; path = "CropMaskSample-Prefix.pch"; sourceTree = "<group>"; };
		7E629C0B07819DA5E54E3B21 /* Foundation.framework */ = {isa = PBXFileReference; lastKnownFileType = wrapper.framework; name = Foundation.framework; path = System/Library/Frameworks/Foundation.framework; sourceTree = SDKROOT; };
		7E629C848591ABFD11665709 /* Default@2x.png */ = {isa = PBXFileReference; lastKnownFileType = image.png; path = "Default@2x.png"; sourceTree = "<group>"; };
		7E629D0DD71F885036D2662B /* resized.png */ = {isa = PBXFileReference; lastKnownFileType = image.png; path = resized.png; sourceTree = "<group>"; };
		7E629D226EA7988F0608B817 /* UIKit.framework */ = {isa = PBXFileReference; lastKnownFileType = wrapper.framework; name = UIKit.framework; path = System/Library/Frameworks/UIKit.framework; sourceTree = SDKROOT; };
		7E629D3968BAFB732EEBC3ED /* ozawa_hello.png */ = {isa = PBXFileReference; lastKnownFileType = image.png; path = ozawa_hello.png; sourceTree = "<group>"; };
		7E629DC1A13593D7A9A90CF1 /* CropMaskSample-Info.plist */ = {isa = PBXFileReference; lastKnownFileType = text.plist.info; path = "CropMaskSample-Info.plist"; sourceTree = "<group>"; };
		7E629E1EBBF84DBDA45455D5 /* CoreGraphics.framework */ = {isa = PBXFileReference; lastKnownFileType = wrapper.framework; name = CoreGraphics.framework; path = System/Library/Frameworks/CoreGraphics.framework; sourceTree = SDKROOT; };
		7E629E5EB1C4295CD4ACEE0D /* mask_black.png */ = {isa = PBXFileReference; lastKnownFileType = image.png; path = mask_black.png; sourceTree = "<group>"; };
		7E629E6DDFC72D6C938FF6A3 /* UIImage+Mask.h */ = {isa = PBXFileReference; fileEncoding = 4; lastKnownFileType = sourcecode.c.h; path = "UIImage+Mask.h"; sourceTree = "<group>"; };
		7E629E902B7E284053F4BB78 /* UIImage+MergeMask.m */ = {isa = PBXFileReference; fileEncoding = 4; lastKnownFileType = sourcecode.c.objc; path = "UIImage+MergeMask.m"; sourceTree = "<group>"; };
/* End PBXFileReference section */

/* Begin PBXFrameworksBuildPhase section */
		7E6297EA27F3716506CC47C5 /* Frameworks */ = {
			isa = PBXFrameworksBuildPhase;
			buildActionMask = 2147483647;
			files = (
				7E62983E5E88415645371660 /* UIKit.framework in Frameworks */,
				7E62987C56CB62AB917FCD75 /* Foundation.framework in Frameworks */,
				7E6298AE2AC5C2A3D0E43E17 /* CoreGraphics.framework in Frameworks */,
			);
			runOnlyForDeploymentPostprocessing = 0;
		};
		7E629E04CB8C92D4A52A9E15 /* Frameworks */ = {
			isa = PBXFrameworksBuildPhase;
			buildActionMask = 2147483647;
			files = (
				7E629D5237E7656AFCEC58A7 /* SenTestingKit.framework in Frameworks */,
				7E629232BDD3C579246811DF /* UIKit.framework in Frameworks */,
				7E6291E32336994F14D8DCDB /* Foundation.framework in Frameworks */,
			);
			runOnlyForDeploymentPostprocessing = 0;
		};
/* End PBXFrameworksBuildPhase section */

/* Begin PBXGroup section */
		7E62902E730AAF8DE4E1357F /* CropMaskSample */ = {
			isa = PBXGroup;
			children = (
				7E629148F19839D4E381A052 /* Supporting Files */,
				7E629AA16F787BEFC5137880 /* AppDelegate.h */,
				7E6292CAC1E46DCE006B71BB /* AppDelegate.m */,
				7E6296D745D29E79F6291DF4 /* MainStoryboard.storyboard */,
				7E6298113AC9C7B6DED7A942 /* ViewController.h */,
				7E6290330AD57EA3BFCDDCE8 /* ViewController.m */,
				7E629432154C125D049DF2D5 /* UIImageExtend */,
				7E6298B41BCA0D83D3D86393 /* mask1.png */,
				7E629D0DD71F885036D2662B /* resized.png */,
				7E629623A482D6FB69F0ACA5 /* ozawa.png */,
				7E62916AF129159851E1A46D /* mask_large.png */,
				7E629888B0B0155FC8D066D6 /* ozawa_resize.png */,
				7E629E5EB1C4295CD4ACEE0D /* mask_black.png */,
				7E629909ACBDC80F29FF9856 /* mask.png */,
				7E629D3968BAFB732EEBC3ED /* ozawa_hello.png */,
				7E6297E736E0491159712BAB /* mask_basic.png */,
			);
			path = CropMaskSample;
			sourceTree = "<group>";
		};
		7E629148F19839D4E381A052 /* Supporting Files */ = {
			isa = PBXGroup;
			children = (
				7E629DC1A13593D7A9A90CF1 /* CropMaskSample-Info.plist */,
				7E629DD8B8D38BFFB94BC3A4 /* InfoPlist.strings */,
				7E6294B2E97FB3BAC59F6E4C /* main.m */,
				7E629B87D204A8F28C43B14A /* CropMaskSample-Prefix.pch */,
				7E6292689D32D341B6F3B5A5 /* Default.png */,
				7E629C848591ABFD11665709 /* Default@2x.png */,
				7E62919C32E731DF272BF3BF /* Default-568h@2x.png */,
			);
			name = "Supporting Files";
			sourceTree = "<group>";
		};
		7E6291BEE103BF3F3B42ACC8 /* Products */ = {
			isa = PBXGroup;
			children = (
				7E629054493FBBBF9962AFBE /* CropMaskSample.app */,
				7E62927A1820DE5931C95A00 /* CropMaskSampleTests.octest */,
			);
			name = Products;
			sourceTree = "<group>";
		};
		7E6293FDF633385416763F4E = {
			isa = PBXGroup;
			children = (
				7E6291BEE103BF3F3B42ACC8 /* Products */,
				7E62944CF19AB320044DE0C1 /* Frameworks */,
				7E62902E730AAF8DE4E1357F /* CropMaskSample */,
				7E6299ACC0735F52BD71353E /* CropMaskSampleTests */,
			);
			sourceTree = "<group>";
		};
		7E629432154C125D049DF2D5 /* UIImageExtend */ = {
			isa = PBXGroup;
			children = (
				7E629E6DDFC72D6C938FF6A3 /* UIImage+Mask.h */,
				7E6293167AB7A4731A330865 /* UIImage+Mask.m */,
				7E629909CDFC02088F56648F /* UIImage+MergeMask.h */,
				7E629E902B7E284053F4BB78 /* UIImage+MergeMask.m */,
			);
			path = UIImageExtend;
			sourceTree = "<group>";
		};
		7E62944CF19AB320044DE0C1 /* Frameworks */ = {
			isa = PBXGroup;
			children = (
				7E629D226EA7988F0608B817 /* UIKit.framework */,
				7E629C0B07819DA5E54E3B21 /* Foundation.framework */,
				7E629E1EBBF84DBDA45455D5 /* CoreGraphics.framework */,
				7E6298F949574EC1A66CA228 /* SenTestingKit.framework */,
			);
			name = Frameworks;
			sourceTree = "<group>";
		};
		7E6299ACC0735F52BD71353E /* CropMaskSampleTests */ = {
			isa = PBXGroup;
			children = (
				7E629A90FADF79E7601C728A /* Supporting Files */,
				7E62990340B3DD78E3021C34 /* CropMaskSampleTests.h */,
				7E6295711FD7D60C12DEE14F /* CropMaskSampleTests.m */,
			);
			path = CropMaskSampleTests;
			sourceTree = "<group>";
		};
		7E629A90FADF79E7601C728A /* Supporting Files */ = {
			isa = PBXGroup;
			children = (
				7E62931C80B27D46514A3D84 /* CropMaskSampleTests-Info.plist */,
				7E62917A46DBA9968915B6E0 /* InfoPlist.strings */,
			);
			name = "Supporting Files";
			sourceTree = "<group>";
		};
/* End PBXGroup section */

/* Begin PBXNativeTarget section */
		7E629647734D1EE888A937E9 /* CropMaskSample */ = {
			isa = PBXNativeTarget;
			buildConfigurationList = 7E629EDA8F0EB2FB8711F329 /* Build configuration list for PBXNativeTarget "CropMaskSample" */;
			buildPhases = (
				7E629FA3E33CD1B63CF5B6FC /* Sources */,
				7E6297EA27F3716506CC47C5 /* Frameworks */,
				7E629BC02FAA36862F3249D7 /* Resources */,
			);
			buildRules = (
			);
			dependencies = (
			);
			name = CropMaskSample;
			productName = CropMaskSample;
			productReference = 7E629054493FBBBF9962AFBE /* CropMaskSample.app */;
			productType = "com.apple.product-type.application";
		};
		7E6296CC2FC0DC847EDDEAF0 /* CropMaskSampleTests */ = {
			isa = PBXNativeTarget;
			buildConfigurationList = 7E629324B92C0E633B409F75 /* Build configuration list for PBXNativeTarget "CropMaskSampleTests" */;
			buildPhases = (
				7E629FB37E5F7586FC0CD7F0 /* Sources */,
				7E629E04CB8C92D4A52A9E15 /* Frameworks */,
				7E629210A2950F599E050167 /* Resources */,
				7E629DC13315115F11DAD879 /* ShellScript */,
			);
			buildRules = (
			);
			dependencies = (
				7E6297892192F49A3027EF11 /* PBXTargetDependency */,
			);
			name = CropMaskSampleTests;
			productName = CropMaskSampleTests;
			productReference = 7E62927A1820DE5931C95A00 /* CropMaskSampleTests.octest */;
			productType = "com.apple.product-type.bundle";
		};
/* End PBXNativeTarget section */

/* Begin PBXProject section */
		7E629FB5E63A2954DFA4A389 /* Project object */ = {
			isa = PBXProject;
			attributes = {
				ORGANIZATIONNAME = "___FULLUSERNAME___";
			};
			buildConfigurationList = 7E6292F42114DB464CA3534B /* Build configuration list for PBXProject "CropMaskSample" */;
			compatibilityVersion = "Xcode 3.2";
			developmentRegion = English;
			hasScannedForEncodings = 0;
			knownRegions = (
				en,
			);
			mainGroup = 7E6293FDF633385416763F4E;
			productRefGroup = 7E6291BEE103BF3F3B42ACC8 /* Products */;
			projectDirPath = "";
			projectRoot = "";
			targets = (
				7E629647734D1EE888A937E9 /* CropMaskSample */,
				7E6296CC2FC0DC847EDDEAF0 /* CropMaskSampleTests */,
			);
		};
/* End PBXProject section */

/* Begin PBXResourcesBuildPhase section */
		7E629210A2950F599E050167 /* Resources */ = {
			isa = PBXResourcesBuildPhase;
			buildActionMask = 2147483647;
			files = (
				7E6299ABA82491E80D5442E8 /* InfoPlist.strings in Resources */,
			);
			runOnlyForDeploymentPostprocessing = 0;
		};
		7E629BC02FAA36862F3249D7 /* Resources */ = {
			isa = PBXResourcesBuildPhase;
			buildActionMask = 2147483647;
			files = (
				7E62903BAEFE210F19F75A9F /* InfoPlist.strings in Resources */,
				7E629F4418BF58EAE384F3FD /* Default.png in Resources */,
				7E6297884A5F87C27BD1AACD /* Default@2x.png in Resources */,
				7E6295A7831AC468EDB60CCD /* Default-568h@2x.png in Resources */,
				7E629C6AA22665E22DC0806B /* MainStoryboard.storyboard in Resources */,
				7E6292D3D1777274B5F2075E /* mask1.png in Resources */,
				7E629E9C8CB0DC8E4A31341D /* resized.png in Resources */,
				7E6294FEDF026404ED9D8D1E /* ozawa.png in Resources */,
				7E629B4D99A2FAA0E685048C /* mask_large.png in Resources */,
				7E629CA525D442ED56AAF6B2 /* ozawa_resize.png in Resources */,
				7E629D73F784D3991F8A6B78 /* mask_black.png in Resources */,
				7E6297673E82E3771D4291D9 /* mask.png in Resources */,
				7E6290DFB9241143422D8AF5 /* ozawa_hello.png in Resources */,
				7E629ADC621320CD639C100D /* mask_basic.png in Resources */,
			);
			runOnlyForDeploymentPostprocessing = 0;
		};
/* End PBXResourcesBuildPhase section */

/* Begin PBXShellScriptBuildPhase section */
		7E629DC13315115F11DAD879 /* ShellScript */ = {
			isa = PBXShellScriptBuildPhase;
			buildActionMask = 2147483647;
			files = (
			);
			inputPaths = (
			);
			outputPaths = (
			);
			runOnlyForDeploymentPostprocessing = 0;
			shellPath = /bin/sh;
			shellScript = "# Run the unit tests in this test bundle.\n\"${SYSTEM_DEVELOPER_DIR}/Tools/RunUnitTests\"\n";
		};
/* End PBXShellScriptBuildPhase section */

/* Begin PBXSourcesBuildPhase section */
		7E629FA3E33CD1B63CF5B6FC /* Sources */ = {
			isa = PBXSourcesBuildPhase;
			buildActionMask = 2147483647;
			files = (
				7E62981728FB494132E4F675 /* main.m in Sources */,
				7E6293376512483542817053 /* AppDelegate.m in Sources */,
				7E629AD7C233E1FC9C238EAE /* ViewController.m in Sources */,
				7E629F7C8861C5DAEE6D6DFA /* UIImage+Mask.m in Sources */,
				7E629D22BB67504EB87999F2 /* UIImage+MergeMask.m in Sources */,
			);
			runOnlyForDeploymentPostprocessing = 0;
		};
		7E629FB37E5F7586FC0CD7F0 /* Sources */ = {
			isa = PBXSourcesBuildPhase;
			buildActionMask = 2147483647;
			files = (
				7E6290D629A07DD3F654FBF9 /* CropMaskSampleTests.m in Sources */,
			);
			runOnlyForDeploymentPostprocessing = 0;
		};
/* End PBXSourcesBuildPhase section */

/* Begin PBXTargetDependency section */
		7E6297892192F49A3027EF11 /* PBXTargetDependency */ = {
			isa = PBXTargetDependency;
			target = 7E629647734D1EE888A937E9 /* CropMaskSample */;
			targetProxy = 7E629A713F60783550AB1485 /* PBXContainerItemProxy */;
		};
/* End PBXTargetDependency section */

/* Begin PBXVariantGroup section */
		7E62917A46DBA9968915B6E0 /* InfoPlist.strings */ = {
			isa = PBXVariantGroup;
			children = (
				7E629A71CE6BEAA42F2BAD96 /* en */,
			);
			name = InfoPlist.strings;
			sourceTree = "<group>";
		};
		7E6296D745D29E79F6291DF4 /* MainStoryboard.storyboard */ = {
			isa = PBXVariantGroup;
			children = (
				7E6290B4285C21C5E4A21AED /* en */,
			);
			name = MainStoryboard.storyboard;
			sourceTree = "<group>";
		};
		7E629DD8B8D38BFFB94BC3A4 /* InfoPlist.strings */ = {
			isa = PBXVariantGroup;
			children = (
				7E6297E3CD2EF0A6D526A2E1 /* en */,
			);
			name = InfoPlist.strings;
			sourceTree = "<group>";
		};
/* End PBXVariantGroup section */

/* Begin XCBuildConfiguration section */
		7E62929D00715C23385AED41 /* Debug */ = {
			isa = XCBuildConfiguration;
			buildSettings = {
				ALWAYS_SEARCH_USER_PATHS = NO;
				CLANG_CXX_LANGUAGE_STANDARD = "gnu++0x";
				CLANG_CXX_LIBRARY = "libc++";
				CLANG_ENABLE_OBJC_ARC = YES;
				CLANG_WARN_CONSTANT_CONVERSION = YES;
				CLANG_WARN_EMPTY_BODY = YES;
				CLANG_WARN_ENUM_CONVERSION = YES;
				CLANG_WARN_INT_CONVERSION = YES;
				CLANG_WARN__DUPLICATE_METHOD_MATCH = YES;
				"CODE_SIGN_IDENTITY[sdk=iphoneos*]" = "iPhone Developer";
				COPY_PHASE_STRIP = NO;
				GCC_C_LANGUAGE_STANDARD = gnu99;
				GCC_DYNAMIC_NO_PIC = NO;
				GCC_OPTIMIZATION_LEVEL = 0;
				GCC_PREPROCESSOR_DEFINITIONS = (
					"DEBUG=1",
					"$(inherited)",
				);
				GCC_SYMBOLS_PRIVATE_EXTERN = NO;
				GCC_WARN_ABOUT_RETURN_TYPE = YES;
				GCC_WARN_UNINITIALIZED_AUTOS = YES;
				GCC_WARN_UNUSED_VARIABLE = YES;
				IPHONEOS_DEPLOYMENT_TARGET = 6.1;
				ONLY_ACTIVE_ARCH = YES;
				SDKROOT = iphoneos;
			};
			name = Debug;
		};
		7E629311991AB9CBB321AAE9 /* Debug */ = {
			isa = XCBuildConfiguration;
			buildSettings = {
				BUNDLE_LOADER = "$(BUILT_PRODUCTS_DIR)/CropMaskSample.app/CropMaskSample";
				FRAMEWORK_SEARCH_PATHS = (
					"\"$(SDKROOT)/Developer/Library/Frameworks\"",
					"\"$(DEVELOPER_LIBRARY_DIR)/Frameworks\"",
				);
				GCC_PRECOMPILE_PREFIX_HEADER = YES;
				GCC_PREFIX_HEADER = "CropMaskSample/CropMaskSample-Prefix.pch";
				INFOPLIST_FILE = "CropMaskSampleTests/CropMaskSampleTests-Info.plist";
				PRODUCT_NAME = "$(TARGET_NAME)";
				TEST_HOST = "$(BUNDLE_LOADER)";
				WRAPPER_EXTENSION = octest;
			};
			name = Debug;
		};
		7E62933EC8287D03FA87B38E /* Release */ = {
			isa = XCBuildConfiguration;
			buildSettings = {
				BUNDLE_LOADER = "$(BUILT_PRODUCTS_DIR)/CropMaskSample.app/CropMaskSample";
				FRAMEWORK_SEARCH_PATHS = (
					"\"$(SDKROOT)/Developer/Library/Frameworks\"",
					"\"$(DEVELOPER_LIBRARY_DIR)/Frameworks\"",
				);
				GCC_PRECOMPILE_PREFIX_HEADER = YES;
				GCC_PREFIX_HEADER = "CropMaskSample/CropMaskSample-Prefix.pch";
				INFOPLIST_FILE = "CropMaskSampleTests/CropMaskSampleTests-Info.plist";
				PRODUCT_NAME = "$(TARGET_NAME)";
				TEST_HOST = "$(BUNDLE_LOADER)";
				WRAPPER_EXTENSION = octest;
			};
			name = Release;
		};
		7E62945F46F6D442ED2E6CD3 /* Debug */ = {
			isa = XCBuildConfiguration;
			buildSettings = {
				GCC_PRECOMPILE_PREFIX_HEADER = YES;
				GCC_PREFIX_HEADER = "CropMaskSample/CropMaskSample-Prefix.pch";
				INFOPLIST_FILE = "CropMaskSample/CropMaskSample-Info.plist";
				PRODUCT_NAME = "$(TARGET_NAME)";
				WRAPPER_EXTENSION = app;
			};
			name = Debug;
		};
		7E62996F82233ABD9DE03CA1 /* Release */ = {
			isa = XCBuildConfiguration;
			buildSettings = {
				GCC_PRECOMPILE_PREFIX_HEADER = YES;
				GCC_PREFIX_HEADER = "CropMaskSample/CropMaskSample-Prefix.pch";
				INFOPLIST_FILE = "CropMaskSample/CropMaskSample-Info.plist";
				PRODUCT_NAME = "$(TARGET_NAME)";
				WRAPPER_EXTENSION = app;
			};
			name = Release;
		};
		7E629DC64F0716689E5D8612 /* Release */ = {
			isa = XCBuildConfiguration;
			buildSettings = {
				ALWAYS_SEARCH_USER_PATHS = NO;
				CLANG_CXX_LANGUAGE_STANDARD = "gnu++0x";
				CLANG_CXX_LIBRARY = "libc++";
				CLANG_ENABLE_OBJC_ARC = YES;
				CLANG_WARN_CONSTANT_CONVERSION = YES;
				CLANG_WARN_EMPTY_BODY = YES;
				CLANG_WARN_ENUM_CONVERSION = YES;
				CLANG_WARN_INT_CONVERSION = YES;
				CLANG_WARN__DUPLICATE_METHOD_MATCH = YES;
				"CODE_SIGN_IDENTITY[sdk=iphoneos*]" = "iPhone Developer";
				COPY_PHASE_STRIP = YES;
				GCC_C_LANGUAGE_STANDARD = gnu99;
				GCC_WARN_ABOUT_RETURN_TYPE = YES;
				GCC_WARN_UNINITIALIZED_AUTOS = YES;
				GCC_WARN_UNUSED_VARIABLE = YES;
				IPHONEOS_DEPLOYMENT_TARGET = 6.1;
				OTHER_CFLAGS = "-DNS_BLOCK_ASSERTIONS=1";
				SDKROOT = iphoneos;
				VALIDATE_PRODUCT = YES;
			};
			name = Release;
		};
/* End XCBuildConfiguration section */

/* Begin XCConfigurationList section */
		7E6292F42114DB464CA3534B /* Build configuration list for PBXProject "CropMaskSample" */ = {
			isa = XCConfigurationList;
			buildConfigurations = (
				7E629DC64F0716689E5D8612 /* Release */,
				7E62929D00715C23385AED41 /* Debug */,
			);
			defaultConfigurationIsVisible = 0;
			defaultConfigurationName = Release;
		};
		7E629324B92C0E633B409F75 /* Build configuration list for PBXNativeTarget "CropMaskSampleTests" */ = {
			isa = XCConfigurationList;
			buildConfigurations = (
				7E62933EC8287D03FA87B38E /* Release */,
				7E629311991AB9CBB321AAE9 /* Debug */,
			);
			defaultConfigurationIsVisible = 0;
			defaultConfigurationName = Release;
		};
		7E629EDA8F0EB2FB8711F329 /* Build configuration list for PBXNativeTarget "CropMaskSample" */ = {
			isa = XCConfigurationList;
			buildConfigurations = (
				7E62996F82233ABD9DE03CA1 /* Release */,
				7E62945F46F6D442ED2E6CD3 /* Debug */,
			);
			defaultConfigurationIsVisible = 0;
			defaultConfigurationName = Release;
		};
/* End XCConfigurationList section */
	};
	rootObject = 7E629FB5E63A2954DFA4A389 /* Project object */;
}
