// !$*UTF8*$!
{
	archiveVersion = 1;
	classes = {
	};
	objectVersion = 46;
	objects = {

/* Begin PBXBuildFile section */
		7E6291DF199E5209B9F0E462 /* InfoPlist.strings in Resources */ = {isa = PBXBuildFile; fileRef = 7E62970F3EFB7E9BDF7A6BA7 /* InfoPlist.strings */; };
		7E6292809655C41235E9F31F /* ModalStoryBoardTests.m in Sources */ = {isa = PBXBuildFile; fileRef = 7E629186C4F5CB4B27F2778A /* ModalStoryBoardTests.m */; };
		7E6292DD7F3E9982DC241E7D /* main.m in Sources */ = {isa = PBXBuildFile; fileRef = 7E62990D7879C4EBBFCFC492 /* main.m */; };
		7E6292F62090C79B37AE3AAB /* AppDelegate.m in Sources */ = {isa = PBXBuildFile; fileRef = 7E62907649AE43AEF3C5241A /* AppDelegate.m */; };
		7E6293A928E83D3CA4CC4099 /* UIKit.framework in Frameworks */ = {isa = PBXBuildFile; fileRef = 7E6293C9D820950E0B90A684 /* UIKit.framework */; };
		7E62941129D9BC66BF375586 /* Default@2x.png in Resources */ = {isa = PBXBuildFile; fileRef = 7E629D517F484E158F395C3B /* Default@2x.png */; };
		7E62971390F67963F9E685B7 /* SenTestingKit.framework in Frameworks */ = {isa = PBXBuildFile; fileRef = 7E629DAAF949D49BF58CDB91 /* SenTestingKit.framework */; };
		7E62972956E025A9AF5119AB /* UIKit.framework in Frameworks */ = {isa = PBXBuildFile; fileRef = 7E6293C9D820950E0B90A684 /* UIKit.framework */; };
		7E629931EADDA28B19557073 /* Foundation.framework in Frameworks */ = {isa = PBXBuildFile; fileRef = 7E6293843F2F2995D57C756E /* Foundation.framework */; };
		7E629A9130C931C8C6C1AEB0 /* ViewController.m in Sources */ = {isa = PBXBuildFile; fileRef = 7E629A58A819994EC88DC919 /* ViewController.m */; };
		7E629ABEF2223BCB9FD3FEEB /* Foundation.framework in Frameworks */ = {isa = PBXBuildFile; fileRef = 7E6293843F2F2995D57C756E /* Foundation.framework */; };
		7E629B55B5E9D978C93DF5E0 /* Default.png in Resources */ = {isa = PBXBuildFile; fileRef = 7E629FE09AE99208C7333F74 /* Default.png */; };
		7E629D67C13CFCD0C9EAB68D /* Default-568h@2x.png in Resources */ = {isa = PBXBuildFile; fileRef = 7E62939748D241E46E84EF4A /* Default-568h@2x.png */; };
		7E629EF3BA734AED7A9F0AF9 /* MainStoryboard.storyboard in Resources */ = {isa = PBXBuildFile; fileRef = 7E6297CD1C42450494E5D5FF /* MainStoryboard.storyboard */; };
		7E629FD871B050B3AEF02EF2 /* CoreGraphics.framework in Frameworks */ = {isa = PBXBuildFile; fileRef = 7E629310058AA666DD0576A3 /* CoreGraphics.framework */; };
		7E629FFB122DBE51F2114601 /* InfoPlist.strings in Resources */ = {isa = PBXBuildFile; fileRef = 7E629BAA2BAAB0A67ADECBB1 /* InfoPlist.strings */; };
/* End PBXBuildFile section */

/* Begin PBXContainerItemProxy section */
		7E62999A72C08351F8D0C194 /* PBXContainerItemProxy */ = {
			isa = PBXContainerItemProxy;
			containerPortal = 7E629359FDA139BD50990771 /* Project object */;
			proxyType = 1;
			remoteGlobalIDString = 7E629E20DAF8DE8067B65AB3;
			remoteInfo = ModalStoryBoard;
		};
/* End PBXContainerItemProxy section */

/* Begin PBXFileReference section */
		7E62907649AE43AEF3C5241A /* AppDelegate.m */ = {isa = PBXFileReference; lastKnownFileType = sourcecode.c.objc; path = AppDelegate.m; sourceTree = "<group>"; };
		7E62913D34C8C79FAF632694 /* ViewController.h */ = {isa = PBXFileReference; lastKnownFileType = sourcecode.c.h; path = ViewController.h; sourceTree = "<group>"; };
		7E629186C4F5CB4B27F2778A /* ModalStoryBoardTests.m */ = {isa = PBXFileReference; lastKnownFileType = sourcecode.c.objc; path = ModalStoryBoardTests.m; sourceTree = "<group>"; };
		7E629310058AA666DD0576A3 /* CoreGraphics.framework */ = {isa = PBXFileReference; lastKnownFileType = wrapper.framework; name = CoreGraphics.framework; path = System/Library/Frameworks/CoreGraphics.framework; sourceTree = SDKROOT; };
		7E6293843F2F2995D57C756E /* Foundation.framework */ = {isa = PBXFileReference; lastKnownFileType = wrapper.framework; name = Foundation.framework; path = System/Library/Frameworks/Foundation.framework; sourceTree = SDKROOT; };
		7E629387B779B2ABBA554256 /* AppDelegate.h */ = {isa = PBXFileReference; lastKnownFileType = sourcecode.c.h; path = AppDelegate.h; sourceTree = "<group>"; };
		7E62939748D241E46E84EF4A /* Default-568h@2x.png */ = {isa = PBXFileReference; lastKnownFileType = image.png; path = "Default-568h@2x.png"; sourceTree = "<group>"; };
		7E6293C9D820950E0B90A684 /* UIKit.framework */ = {isa = PBXFileReference; lastKnownFileType = wrapper.framework; name = UIKit.framework; path = System/Library/Frameworks/UIKit.framework; sourceTree = SDKROOT; };
		7E6293E5B4E4D8EFB78764F5 /* ModalStoryBoard-Prefix.pch */ = {isa = PBXFileReference; lastKnownFileType = sourcecode.c.h; path = "ModalStoryBoard-Prefix.pch"; sourceTree = "<group>"; };
		7E6296966FD3636DF4A3A1CA /* en */ = {isa = PBXFileReference; lastKnownFileType = text.plist.strings; name = en; path = en.lproj/InfoPlist.strings; sourceTree = "<group>"; };
		7E6297FF17D470A3239BC786 /* ModalStoryBoard-Info.plist */ = {isa = PBXFileReference; lastKnownFileType = text.plist.info; path = "ModalStoryBoard-Info.plist"; sourceTree = "<group>"; };
		7E6298490926FE38B8904FAD /* en */ = {isa = PBXFileReference; lastKnownFileType = text.plist.strings; name = en; path = en.lproj/InfoPlist.strings; sourceTree = "<group>"; };
		7E62990949D27BFF2A8E3F24 /* ModalStoryBoardTests.octest */ = {isa = PBXFileReference; explicitFileType = wrapper.cfbundle; includeInIndex = 0; path = ModalStoryBoardTests.octest; sourceTree = BUILT_PRODUCTS_DIR; };
		7E62990C230F9DB5443C792D /* en */ = {isa = PBXFileReference; lastKnownFileType = file.storyboard; name = en; path = en.lproj/MainStoryboard.storyboard; sourceTree = "<group>"; };
		7E62990D7879C4EBBFCFC492 /* main.m */ = {isa = PBXFileReference; lastKnownFileType = sourcecode.c.objc; path = main.m; sourceTree = "<group>"; };
		7E6299E1C632C0FFF4138D3F /* ModalStoryBoard.app */ = {isa = PBXFileReference; explicitFileType = wrapper.application; includeInIndex = 0; path = ModalStoryBoard.app; sourceTree = BUILT_PRODUCTS_DIR; };
		7E629A58A819994EC88DC919 /* ViewController.m */ = {isa = PBXFileReference; lastKnownFileType = sourcecode.c.objc; path = ViewController.m; sourceTree = "<group>"; };
		7E629A5C3CADD80C66DD34D7 /* ModalStoryBoardTests-Info.plist */ = {isa = PBXFileReference; lastKnownFileType = text.plist.info; path = "ModalStoryBoardTests-Info.plist"; sourceTree = "<group>"; };
		7E629D517F484E158F395C3B /* Default@2x.png */ = {isa = PBXFileReference; lastKnownFileType = image.png; path = "Default@2x.png"; sourceTree = "<group>"; };
		7E629DAAF949D49BF58CDB91 /* SenTestingKit.framework */ = {isa = PBXFileReference; lastKnownFileType = wrapper.framework; name = SenTestingKit.framework; path = Library/Frameworks/SenTestingKit.framework; sourceTree = DEVELOPER_DIR; };
		7E629EA9384DD70FABD1E87E /* ModalStoryBoardTests.h */ = {isa = PBXFileReference; lastKnownFileType = sourcecode.c.h; path = ModalStoryBoardTests.h; sourceTree = "<group>"; };
		7E629FE09AE99208C7333F74 /* Default.png */ = {isa = PBXFileReference; lastKnownFileType = image.png; path = Default.png; sourceTree = "<group>"; };
/* End PBXFileReference section */

/* Begin PBXFrameworksBuildPhase section */
		7E62913D2D68BDE100B450FD /* Frameworks */ = {
			isa = PBXFrameworksBuildPhase;
			buildActionMask = 2147483647;
			files = (
				7E62971390F67963F9E685B7 /* SenTestingKit.framework in Frameworks */,
				7E62972956E025A9AF5119AB /* UIKit.framework in Frameworks */,
				7E629ABEF2223BCB9FD3FEEB /* Foundation.framework in Frameworks */,
			);
			runOnlyForDeploymentPostprocessing = 0;
		};
		7E629C8B86729C8E78D89125 /* Frameworks */ = {
			isa = PBXFrameworksBuildPhase;
			buildActionMask = 2147483647;
			files = (
				7E6293A928E83D3CA4CC4099 /* UIKit.framework in Frameworks */,
				7E629931EADDA28B19557073 /* Foundation.framework in Frameworks */,
				7E629FD871B050B3AEF02EF2 /* CoreGraphics.framework in Frameworks */,
			);
			runOnlyForDeploymentPostprocessing = 0;
		};
/* End PBXFrameworksBuildPhase section */

/* Begin PBXGroup section */
		7E629074832D9E4C6AF024AA /* Products */ = {
			isa = PBXGroup;
			children = (
				7E6299E1C632C0FFF4138D3F /* ModalStoryBoard.app */,
				7E62990949D27BFF2A8E3F24 /* ModalStoryBoardTests.octest */,
			);
			name = Products;
			sourceTree = "<group>";
		};
		7E6291342C525043AD8EE338 /* Supporting Files */ = {
			isa = PBXGroup;
			children = (
				7E6297FF17D470A3239BC786 /* ModalStoryBoard-Info.plist */,
				7E62970F3EFB7E9BDF7A6BA7 /* InfoPlist.strings */,
				7E62990D7879C4EBBFCFC492 /* main.m */,
				7E6293E5B4E4D8EFB78764F5 /* ModalStoryBoard-Prefix.pch */,
				7E629FE09AE99208C7333F74 /* Default.png */,
				7E629D517F484E158F395C3B /* Default@2x.png */,
				7E62939748D241E46E84EF4A /* Default-568h@2x.png */,
			);
			name = "Supporting Files";
			sourceTree = "<group>";
		};
		7E629A48B2047E342E5BE254 /* ModalStoryBoardTests */ = {
			isa = PBXGroup;
			children = (
				7E629C9844336F5E41F72447 /* Supporting Files */,
				7E629EA9384DD70FABD1E87E /* ModalStoryBoardTests.h */,
				7E629186C4F5CB4B27F2778A /* ModalStoryBoardTests.m */,
			);
			path = ModalStoryBoardTests;
			sourceTree = "<group>";
		};
		7E629C9844336F5E41F72447 /* Supporting Files */ = {
			isa = PBXGroup;
			children = (
				7E629A5C3CADD80C66DD34D7 /* ModalStoryBoardTests-Info.plist */,
				7E629BAA2BAAB0A67ADECBB1 /* InfoPlist.strings */,
			);
			name = "Supporting Files";
			sourceTree = "<group>";
		};
		7E629D4B16798384C63B4BBC = {
			isa = PBXGroup;
			children = (
				7E629074832D9E4C6AF024AA /* Products */,
				7E629DD363B2B19F9CD2A652 /* Frameworks */,
				7E629DC3E0FCC99832A40087 /* ModalStoryBoard */,
				7E629A48B2047E342E5BE254 /* ModalStoryBoardTests */,
			);
			sourceTree = "<group>";
		};
		7E629DC3E0FCC99832A40087 /* ModalStoryBoard */ = {
			isa = PBXGroup;
			children = (
				7E6291342C525043AD8EE338 /* Supporting Files */,
				7E629387B779B2ABBA554256 /* AppDelegate.h */,
				7E62907649AE43AEF3C5241A /* AppDelegate.m */,
				7E6297CD1C42450494E5D5FF /* MainStoryboard.storyboard */,
				7E62913D34C8C79FAF632694 /* ViewController.h */,
				7E629A58A819994EC88DC919 /* ViewController.m */,
			);
			path = ModalStoryBoard;
			sourceTree = "<group>";
		};
		7E629DD363B2B19F9CD2A652 /* Frameworks */ = {
			isa = PBXGroup;
			children = (
				7E6293C9D820950E0B90A684 /* UIKit.framework */,
				7E6293843F2F2995D57C756E /* Foundation.framework */,
				7E629310058AA666DD0576A3 /* CoreGraphics.framework */,
				7E629DAAF949D49BF58CDB91 /* SenTestingKit.framework */,
			);
			name = Frameworks;
			sourceTree = "<group>";
		};
/* End PBXGroup section */

/* Begin PBXNativeTarget section */
		7E6298C14824EA1136ACE141 /* ModalStoryBoardTests */ = {
			isa = PBXNativeTarget;
			buildConfigurationList = 7E6298ABE2CD9D13453DC61F /* Build configuration list for PBXNativeTarget "ModalStoryBoardTests" */;
			buildPhases = (
				7E629E029980A7AC0D3006F5 /* Sources */,
				7E62913D2D68BDE100B450FD /* Frameworks */,
				7E6297C928A1075903AF56AF /* Resources */,
				7E629BE30CB5E5832C4D1A34 /* ShellScript */,
			);
			buildRules = (
			);
			dependencies = (
				7E629B819BB82D597D185DC9 /* PBXTargetDependency */,
			);
			name = ModalStoryBoardTests;
			productName = ModalStoryBoardTests;
			productReference = 7E62990949D27BFF2A8E3F24 /* ModalStoryBoardTests.octest */;
			productType = "com.apple.product-type.bundle";
		};
		7E629E20DAF8DE8067B65AB3 /* ModalStoryBoard */ = {
			isa = PBXNativeTarget;
			buildConfigurationList = 7E629ECC1E026538F0FC359A /* Build configuration list for PBXNativeTarget "ModalStoryBoard" */;
			buildPhases = (
				7E629C7E5FCE01B767F1729D /* Sources */,
				7E629C8B86729C8E78D89125 /* Frameworks */,
				7E62951ADF17531FAB246D60 /* Resources */,
			);
			buildRules = (
			);
			dependencies = (
			);
			name = ModalStoryBoard;
			productName = ModalStoryBoard;
			productReference = 7E6299E1C632C0FFF4138D3F /* ModalStoryBoard.app */;
			productType = "com.apple.product-type.application";
		};
/* End PBXNativeTarget section */

/* Begin PBXProject section */
		7E629359FDA139BD50990771 /* Project object */ = {
			isa = PBXProject;
			attributes = {
				ORGANIZATIONNAME = "___FULLUSERNAME___";
			};
			buildConfigurationList = 7E62908C1C26EA09A52357EA /* Build configuration list for PBXProject "ModalStoryBoard" */;
			compatibilityVersion = "Xcode 3.2";
			developmentRegion = English;
			hasScannedForEncodings = 0;
			knownRegions = (
				en,
			);
			mainGroup = 7E629D4B16798384C63B4BBC;
			productRefGroup = 7E629074832D9E4C6AF024AA /* Products */;
			projectDirPath = "";
			projectRoot = "";
			targets = (
				7E629E20DAF8DE8067B65AB3 /* ModalStoryBoard */,
				7E6298C14824EA1136ACE141 /* ModalStoryBoardTests */,
			);
		};
/* End PBXProject section */

/* Begin PBXResourcesBuildPhase section */
		7E62951ADF17531FAB246D60 /* Resources */ = {
			isa = PBXResourcesBuildPhase;
			buildActionMask = 2147483647;
			files = (
				7E6291DF199E5209B9F0E462 /* InfoPlist.strings in Resources */,
				7E629B55B5E9D978C93DF5E0 /* Default.png in Resources */,
				7E62941129D9BC66BF375586 /* Default@2x.png in Resources */,
				7E629D67C13CFCD0C9EAB68D /* Default-568h@2x.png in Resources */,
				7E629EF3BA734AED7A9F0AF9 /* MainStoryboard.storyboard in Resources */,
			);
			runOnlyForDeploymentPostprocessing = 0;
		};
		7E6297C928A1075903AF56AF /* Resources */ = {
			isa = PBXResourcesBuildPhase;
			buildActionMask = 2147483647;
			files = (
				7E629FFB122DBE51F2114601 /* InfoPlist.strings in Resources */,
			);
			runOnlyForDeploymentPostprocessing = 0;
		};
/* End PBXResourcesBuildPhase section */

/* Begin PBXShellScriptBuildPhase section */
		7E629BE30CB5E5832C4D1A34 /* ShellScript */ = {
			isa = PBXShellScriptBuildPhase;
			buildActionMask = 2147483647;
			files = (
			);
			inputPaths = (
			);
			outputPaths = (
			);
			runOnlyForDeploymentPostprocessing = 0;
			shellPath = /bin/sh;
			shellScript = "# Run the unit tests in this test bundle.\n\"${SYSTEM_DEVELOPER_DIR}/Tools/RunUnitTests\"\n";
		};
/* End PBXShellScriptBuildPhase section */

/* Begin PBXSourcesBuildPhase section */
		7E629C7E5FCE01B767F1729D /* Sources */ = {
			isa = PBXSourcesBuildPhase;
			buildActionMask = 2147483647;
			files = (
				7E6292DD7F3E9982DC241E7D /* main.m in Sources */,
				7E6292F62090C79B37AE3AAB /* AppDelegate.m in Sources */,
				7E629A9130C931C8C6C1AEB0 /* ViewController.m in Sources */,
			);
			runOnlyForDeploymentPostprocessing = 0;
		};
		7E629E029980A7AC0D3006F5 /* Sources */ = {
			isa = PBXSourcesBuildPhase;
			buildActionMask = 2147483647;
			files = (
				7E6292809655C41235E9F31F /* ModalStoryBoardTests.m in Sources */,
			);
			runOnlyForDeploymentPostprocessing = 0;
		};
/* End PBXSourcesBuildPhase section */

/* Begin PBXTargetDependency section */
		7E629B819BB82D597D185DC9 /* PBXTargetDependency */ = {
			isa = PBXTargetDependency;
			target = 7E629E20DAF8DE8067B65AB3 /* ModalStoryBoard */;
			targetProxy = 7E62999A72C08351F8D0C194 /* PBXContainerItemProxy */;
		};
/* End PBXTargetDependency section */

/* Begin PBXVariantGroup section */
		7E62970F3EFB7E9BDF7A6BA7 /* InfoPlist.strings */ = {
			isa = PBXVariantGroup;
			children = (
				7E6298490926FE38B8904FAD /* en */,
			);
			name = InfoPlist.strings;
			sourceTree = "<group>";
		};
		7E6297CD1C42450494E5D5FF /* MainStoryboard.storyboard */ = {
			isa = PBXVariantGroup;
			children = (
				7E62990C230F9DB5443C792D /* en */,
			);
			name = MainStoryboard.storyboard;
			sourceTree = "<group>";
		};
		7E629BAA2BAAB0A67ADECBB1 /* InfoPlist.strings */ = {
			isa = PBXVariantGroup;
			children = (
				7E6296966FD3636DF4A3A1CA /* en */,
			);
			name = InfoPlist.strings;
			sourceTree = "<group>";
		};
/* End PBXVariantGroup section */

/* Begin XCBuildConfiguration section */
		7E629341EA86336CB8448446 /* Release */ = {
			isa = XCBuildConfiguration;
			buildSettings = {
				ALWAYS_SEARCH_USER_PATHS = NO;
				CLANG_CXX_LANGUAGE_STANDARD = "gnu++0x";
				CLANG_CXX_LIBRARY = "libc++";
				CLANG_ENABLE_OBJC_ARC = YES;
				CLANG_WARN_CONSTANT_CONVERSION = YES;
				CLANG_WARN_EMPTY_BODY = YES;
				CLANG_WARN_ENUM_CONVERSION = YES;
				CLANG_WARN_INT_CONVERSION = YES;
				CLANG_WARN__DUPLICATE_METHOD_MATCH = YES;
				"CODE_SIGN_IDENTITY[sdk=iphoneos*]" = "iPhone Developer";
				COPY_PHASE_STRIP = YES;
				GCC_C_LANGUAGE_STANDARD = gnu99;
				GCC_WARN_ABOUT_RETURN_TYPE = YES;
				GCC_WARN_UNINITIALIZED_AUTOS = YES;
				GCC_WARN_UNUSED_VARIABLE = YES;
				IPHONEOS_DEPLOYMENT_TARGET = 6.1;
				OTHER_CFLAGS = "-DNS_BLOCK_ASSERTIONS=1";
				SDKROOT = iphoneos;
				VALIDATE_PRODUCT = YES;
			};
			name = Release;
		};
		7E6293EE7E7F549B5D42A6E4 /* Debug */ = {
			isa = XCBuildConfiguration;
			buildSettings = {
				BUNDLE_LOADER = "$(BUILT_PRODUCTS_DIR)/ModalStoryBoard.app/ModalStoryBoard";
				FRAMEWORK_SEARCH_PATHS = (
					"\"$(SDKROOT)/Developer/Library/Frameworks\"",
					"\"$(DEVELOPER_LIBRARY_DIR)/Frameworks\"",
				);
				GCC_PRECOMPILE_PREFIX_HEADER = YES;
				GCC_PREFIX_HEADER = "ModalStoryBoard/ModalStoryBoard-Prefix.pch";
				INFOPLIST_FILE = "ModalStoryBoardTests/ModalStoryBoardTests-Info.plist";
				PRODUCT_NAME = "$(TARGET_NAME)";
				TEST_HOST = "$(BUNDLE_LOADER)";
				WRAPPER_EXTENSION = octest;
			};
			name = Debug;
		};
		7E6296CE52D85062878CFEBF /* Release */ = {
			isa = XCBuildConfiguration;
			buildSettings = {
				BUNDLE_LOADER = "$(BUILT_PRODUCTS_DIR)/ModalStoryBoard.app/ModalStoryBoard";
				FRAMEWORK_SEARCH_PATHS = (
					"\"$(SDKROOT)/Developer/Library/Frameworks\"",
					"\"$(DEVELOPER_LIBRARY_DIR)/Frameworks\"",
				);
				GCC_PRECOMPILE_PREFIX_HEADER = YES;
				GCC_PREFIX_HEADER = "ModalStoryBoard/ModalStoryBoard-Prefix.pch";
				INFOPLIST_FILE = "ModalStoryBoardTests/ModalStoryBoardTests-Info.plist";
				PRODUCT_NAME = "$(TARGET_NAME)";
				TEST_HOST = "$(BUNDLE_LOADER)";
				WRAPPER_EXTENSION = octest;
			};
			name = Release;
		};
		7E629B81CFC4D552B4D3353B /* Debug */ = {
			isa = XCBuildConfiguration;
			buildSettings = {
				GCC_PRECOMPILE_PREFIX_HEADER = YES;
				GCC_PREFIX_HEADER = "ModalStoryBoard/ModalStoryBoard-Prefix.pch";
				INFOPLIST_FILE = "ModalStoryBoard/ModalStoryBoard-Info.plist";
				PRODUCT_NAME = "$(TARGET_NAME)";
				WRAPPER_EXTENSION = app;
			};
			name = Debug;
		};
		7E629F99A817C067E71522E8 /* Debug */ = {
			isa = XCBuildConfiguration;
			buildSettings = {
				ALWAYS_SEARCH_USER_PATHS = NO;
				CLANG_CXX_LANGUAGE_STANDARD = "gnu++0x";
				CLANG_CXX_LIBRARY = "libc++";
				CLANG_ENABLE_OBJC_ARC = YES;
				CLANG_WARN_CONSTANT_CONVERSION = YES;
				CLANG_WARN_EMPTY_BODY = YES;
				CLANG_WARN_ENUM_CONVERSION = YES;
				CLANG_WARN_INT_CONVERSION = YES;
				CLANG_WARN__DUPLICATE_METHOD_MATCH = YES;
				"CODE_SIGN_IDENTITY[sdk=iphoneos*]" = "iPhone Developer";
				COPY_PHASE_STRIP = NO;
				GCC_C_LANGUAGE_STANDARD = gnu99;
				GCC_DYNAMIC_NO_PIC = NO;
				GCC_OPTIMIZATION_LEVEL = 0;
				GCC_PREPROCESSOR_DEFINITIONS = (
					"DEBUG=1",
					"$(inherited)",
				);
				GCC_SYMBOLS_PRIVATE_EXTERN = NO;
				GCC_WARN_ABOUT_RETURN_TYPE = YES;
				GCC_WARN_UNINITIALIZED_AUTOS = YES;
				GCC_WARN_UNUSED_VARIABLE = YES;
				IPHONEOS_DEPLOYMENT_TARGET = 6.1;
				ONLY_ACTIVE_ARCH = YES;
				SDKROOT = iphoneos;
			};
			name = Debug;
		};
		7E629FB8BA6143CC82819A7A /* Release */ = {
			isa = XCBuildConfiguration;
			buildSettings = {
				GCC_PRECOMPILE_PREFIX_HEADER = YES;
				GCC_PREFIX_HEADER = "ModalStoryBoard/ModalStoryBoard-Prefix.pch";
				INFOPLIST_FILE = "ModalStoryBoard/ModalStoryBoard-Info.plist";
				PRODUCT_NAME = "$(TARGET_NAME)";
				WRAPPER_EXTENSION = app;
			};
			name = Release;
		};
/* End XCBuildConfiguration section */

/* Begin XCConfigurationList section */
		7E62908C1C26EA09A52357EA /* Build configuration list for PBXProject "ModalStoryBoard" */ = {
			isa = XCConfigurationList;
			buildConfigurations = (
				7E629341EA86336CB8448446 /* Release */,
				7E629F99A817C067E71522E8 /* Debug */,
			);
			defaultConfigurationIsVisible = 0;
			defaultConfigurationName = Release;
		};
		7E6298ABE2CD9D13453DC61F /* Build configuration list for PBXNativeTarget "ModalStoryBoardTests" */ = {
			isa = XCConfigurationList;
			buildConfigurations = (
				7E6296CE52D85062878CFEBF /* Release */,
				7E6293EE7E7F549B5D42A6E4 /* Debug */,
			);
			defaultConfigurationIsVisible = 0;
		};
		7E629ECC1E026538F0FC359A /* Build configuration list for PBXNativeTarget "ModalStoryBoard" */ = {
			isa = XCConfigurationList;
			buildConfigurations = (
				7E629FB8BA6143CC82819A7A /* Release */,
				7E629B81CFC4D552B4D3353B /* Debug */,
			);
			defaultConfigurationIsVisible = 0;
		};
/* End XCConfigurationList section */
	};
	rootObject = 7E629359FDA139BD50990771 /* Project object */;
}
